// !$*UTF8*$!
{
	archiveVersion = 1;
	classes = {
	};
	objectVersion = 46;
	objects = {
		98F6203CEF5D1B00376116C0 = {
			isa = PBXBuildFile;
			fileRef = E866BDD41DDA37A51337D535;
		};
		92B74101AF933FE01DE1B966 = {
			isa = PBXBuildFile;
			fileRef = B92C66ABA34A586026230608;
		};
		90C885DE2EB5D34067B7CCFA = {
			isa = PBXBuildFile;
			fileRef = D24BE97D2BD1617151B6BED6;
		};
		BCAF8D49424B6EB8E068C4FE = {
			isa = PBXBuildFile;
			fileRef = 405C02944327A730E101F3BB;
		};
		6BD53F8478A706BB90E9483A = {
			isa = PBXBuildFile;
			fileRef = B313F6F7DEABDE263C8306B1;
		};
		3F638AAE9014FE3B6ACA4305 = {
			isa = PBXBuildFile;
			fileRef = 0861E004085ED469F7D6D7AE;
		};
		2C3D0006D09CFA4CA8529737 = {
			isa = PBXBuildFile;
			fileRef = 8493EF170B272A2108824544;
		};
		70D667A1BD3BCADC2698FB3F = {
			isa = PBXBuildFile;
			fileRef = 81C7757DA5EC6B61BD16AACA;
		};
		8E597B113E0AFD02B10DFDA9 = {
			isa = PBXBuildFile;
			fileRef = 32A80BB06D501C5F21C2EA78;
		};
		BFDDDE53541A4945BBCD4B64 = {
			isa = PBXBuildFile;
			fileRef = 1042C652372DC473812E5AC9;
		};
		6B4CB8AD610ABEA42BDEEB12 = {
			isa = PBXBuildFile;
			fileRef = 41CF70E76EB1E2FAB0D358E2;
		};
		56B656037BD87AD59373053B = {
			isa = PBXBuildFile;
			fileRef = FEBBDC65E795732F5F91D010;
		};
		9F2FDF01A5775BF1CDC5E082 = {
			isa = PBXBuildFile;
			fileRef = B95DBBF08305C3EB564227F9;
		};
		0BB79F6ECC846108ABB301E8 = {
			isa = PBXBuildFile;
			fileRef = AC3424AEB43465751A7E0E78;
		};
		66620457E79A05AC88249440 = {
			isa = PBXBuildFile;
			fileRef = 5ACF3D2FD8CB135AB3E69D4E;
		};
		B231EB44D3A97C3DDE8EE4F0 = {
			isa = PBXBuildFile;
			fileRef = 69276025F55843408CFF8595;
		};
		AF2CDB6BD0E1766142797648 = {
			isa = PBXBuildFile;
			fileRef = 61746F3F397ECEEC603CE42C;
		};
		8825BDC20221676F15BA2990 = {
			isa = PBXBuildFile;
			fileRef = F2026D38E28BCD59271DC1F3;
		};
		643B8CB8A90CEDC7AD6063F3 = {
			isa = PBXBuildFile;
			fileRef = 58C55257E0A0B6995B0F04FD;
		};
		226FEB5F02BBC9BF87E5E7DF = {
			isa = PBXBuildFile;
			fileRef = 51AFD7541E3469B94A5ADEEF;
		};
		6CFC3F2D665915EA6FFB9F5B = {
			isa = PBXBuildFile;
			fileRef = C5676835D26EF6360572AC56;
		};
		BE79919D7C381A5949DA2E41 = {
			isa = PBXBuildFile;
			fileRef = DBD93C384C970EAAD0CBA85F;
		};
		7098D6BBEA4E0A253BFBCF42 = {
			isa = PBXBuildFile;
			fileRef = 801859A01FB45B73299CDEFA;
		};
		2ED4606D1554EB506052ED41 = {
			isa = PBXBuildFile;
			fileRef = DE1F2ECB4E4BE633D2F1BCAC;
		};
		DBC1F39806ECFF67DB9FE9EE = {
			isa = PBXBuildFile;
			fileRef = 240A386D3C5956CDEDA331F3;
		};
		63753B9C920B3CBF65338E11 = {
			isa = PBXBuildFile;
			fileRef = AC77345134FC514955C1D6BA;
		};
		BD42A5FFD88595A055FEC2DE = {
			isa = PBXBuildFile;
			fileRef = D78C11D2F7544F0FA4639498;
		};
		55650E6D07B7EAFCDDD0DEFF = {
			isa = PBXBuildFile;
			fileRef = 0F05D9216293BDCAF2525F73;
		};
		318CFD169F417049F50A1461 = {
			isa = PBXBuildFile;
			fileRef = 2E3762179AF95484A8C0925B;
		};
		61570C9A1B8AE0FA0C83525A = {
			isa = PBXBuildFile;
			fileRef = 0BDADCC1CA88811BBD1F73CF;
		};
		0D911BF2B61A76ABA9BD805A = {
			isa = PBXBuildFile;
			fileRef = 76840AF8F43687F9C0B3E8B8;
		};
		5DF0CA53F1BA3D4FA0EF8D74 = {
			isa = PBXBuildFile;
			fileRef = 1E5196E8475FE432463F08CE;
		};
		EBFCDE1200B96F98B08A9B0A = {
			isa = PBXBuildFile;
			fileRef = 22CE0264310885ABA5FA0824;
		};
		11C3C38B394A6F82C6A8D3DC = {
			isa = PBXBuildFile;
			fileRef = 9303207BC1C6FF8F0A566792;
		};
		C3501CC7EFD74EA48C5ABE03 = {
			isa = PBXBuildFile;
			fileRef = 404BB9BEA5F442BC40FC648F;
		};
		1E0E4C11615AC4A67E335287 = {
			isa = PBXBuildFile;
			fileRef = E0BFFD3C40E9BB07E5C9CAAB;
		};
		DB6FF1CBDC59A902F521EEFB = {
			isa = PBXBuildFile;
			fileRef = 7A49BB89347123AE803040DD;
		};
		394CB28FC7DBD7648C95EA07 = {
			isa = PBXBuildFile;
			fileRef = C7747B95E6E8FFE6B2D9FB10;
		};
		5A9EBBCFF7F5368B35F6F73F = {
			isa = PBXBuildFile;
			fileRef = B3DC33E12D0E4F2DAF616805;
		};
		03224CC712193AB9CCC18892 = {
			isa = PBXFileReference;
			lastKnownFileType = file;
			name = "juce_audio_formats";
			path = "../../../../JUCE/modules/juce_audio_formats";
			sourceTree = "SOURCE_ROOT";
		};
		051C04F979B665D68479C036 = {
			isa = PBXFileReference;
			lastKnownFileType = sourcecode.c.h;
			name = PluginEditor.h;
			path = ../../Source/PluginEditor.h;
			sourceTree = "SOURCE_ROOT";
		};
		0861E004085ED469F7D6D7AE = {
			isa = PBXFileReference;
			lastKnownFileType = wrapper.framework;
			name = Accelerate.framework;
			path = System/Library/Frameworks/Accelerate.framework;
			sourceTree = SDKROOT;
		};
		0BDADCC1CA88811BBD1F73CF = {
			isa = PBXFileReference;
			lastKnownFileType = sourcecode.cpp.objcpp;
			name = "include_juce_audio_plugin_client_VST_utils.mm";
			path = "../../JuceLibraryCode/include_juce_audio_plugin_client_VST_utils.mm";
			sourceTree = "SOURCE_ROOT";
		};
		0F05D9216293BDCAF2525F73 = {
			isa = PBXFileReference;
			lastKnownFileType = sourcecode.cpp.cpp;
			name = "include_juce_audio_plugin_client_Standalone.cpp";
			path = "../../JuceLibraryCode/include_juce_audio_plugin_client_Standalone.cpp";
			sourceTree = "SOURCE_ROOT";
		};
		1042C652372DC473812E5AC9 = {
			isa = PBXFileReference;
			lastKnownFileType = wrapper.framework;
			name = CoreAudio.framework;
			path = System/Library/Frameworks/CoreAudio.framework;
			sourceTree = SDKROOT;
		};
		180B80C0DC6680741A1DED66 = {
			isa = PBXFileReference;
			lastKnownFileType = sourcecode.c.h;
			name = MainGui.h;
			path = ../../Source/MainGui.h;
			sourceTree = "SOURCE_ROOT";
		};
		1E5196E8475FE432463F08CE = {
			isa = PBXFileReference;
			lastKnownFileType = sourcecode.cpp.objcpp;
			name = "include_juce_audio_processors.mm";
			path = "../../JuceLibraryCode/include_juce_audio_processors.mm";
			sourceTree = "SOURCE_ROOT";
		};
		22CE0264310885ABA5FA0824 = {
			isa = PBXFileReference;
			lastKnownFileType = sourcecode.cpp.objcpp;
			name = "include_juce_audio_utils.mm";
			path = "../../JuceLibraryCode/include_juce_audio_utils.mm";
			sourceTree = "SOURCE_ROOT";
		};
		240A386D3C5956CDEDA331F3 = {
			isa = PBXFileReference;
			lastKnownFileType = file.r;
			name = "include_juce_audio_plugin_client_AU.r";
			path = "../../JuceLibraryCode/include_juce_audio_plugin_client_AU.r";
			sourceTree = "SOURCE_ROOT";
		};
		2E3762179AF95484A8C0925B = {
			isa = PBXFileReference;
			lastKnownFileType = sourcecode.cpp.cpp;
			name = "include_juce_audio_plugin_client_utils.cpp";
			path = "../../JuceLibraryCode/include_juce_audio_plugin_client_utils.cpp";
			sourceTree = "SOURCE_ROOT";
		};
		32A80BB06D501C5F21C2EA78 = {
			isa = PBXFileReference;
			lastKnownFileType = wrapper.framework;
			name = Cocoa.framework;
			path = System/Library/Frameworks/Cocoa.framework;
			sourceTree = SDKROOT;
		};
		370DAFAF4AA4DE0FD5C7FA0D = {
			isa = PBXFileReference;
			lastKnownFileType = file;
			name = "juce_graphics";
			path = "../../../../JUCE/modules/juce_graphics";
			sourceTree = "SOURCE_ROOT";
		};
		404BB9BEA5F442BC40FC648F = {
			isa = PBXFileReference;
			lastKnownFileType = sourcecode.cpp.objcpp;
			name = "include_juce_data_structures.mm";
			path = "../../JuceLibraryCode/include_juce_data_structures.mm";
			sourceTree = "SOURCE_ROOT";
		};
		41BCBB756CC9B8F9AC0B3B62 = {
			isa = PBXFileReference;
			lastKnownFileType = file;
			name = "juce_audio_devices";
			path = "../../../../JUCE/modules/juce_audio_devices";
			sourceTree = "SOURCE_ROOT";
		};
		41CF70E76EB1E2FAB0D358E2 = {
			isa = PBXFileReference;
			lastKnownFileType = wrapper.framework;
			name = CoreAudioKit.framework;
			path = System/Library/Frameworks/CoreAudioKit.framework;
			sourceTree = SDKROOT;
		};
		51AFD7541E3469B94A5ADEEF = {
			isa = PBXFileReference;
			lastKnownFileType = sourcecode.cpp.cpp;
			name = PluginProcessor.cpp;
			path = ../../Source/PluginProcessor.cpp;
			sourceTree = "SOURCE_ROOT";
		};
		58C55257E0A0B6995B0F04FD = {
			isa = PBXFileReference;
			lastKnownFileType = sourcecode.cpp.cpp;
			name = MainGui.cpp;
			path = ../../Source/MainGui.cpp;
			sourceTree = "SOURCE_ROOT";
		};
		5ACF3D2FD8CB135AB3E69D4E = {
			isa = PBXFileReference;
			lastKnownFileType = wrapper.framework;
			name = IOKit.framework;
			path = System/Library/Frameworks/IOKit.framework;
			sourceTree = SDKROOT;
		};
		61746F3F397ECEEC603CE42C = {
			isa = PBXFileReference;
			lastKnownFileType = wrapper.framework;
			name = WebKit.framework;
			path = System/Library/Frameworks/WebKit.framework;
			sourceTree = SDKROOT;
		};
		69276025F55843408CFF8595 = {
			isa = PBXFileReference;
			lastKnownFileType = wrapper.framework;
			name = QuartzCore.framework;
			path = System/Library/Frameworks/QuartzCore.framework;
			sourceTree = SDKROOT;
		};
		6DD334ADF3499172BDD015BA = {
			isa = PBXFileReference;
			lastKnownFileType = sourcecode.c.h;
			name = JuceHeader.h;
			path = ../../JuceLibraryCode/JuceHeader.h;
			sourceTree = "SOURCE_ROOT";
		};
		743874CE4E226FF8FF7D4892 = {
			isa = PBXFileReference;
			lastKnownFileType = file;
			name = "juce_audio_plugin_client";
			path = "../../../../JUCE/modules/juce_audio_plugin_client";
			sourceTree = "SOURCE_ROOT";
		};
		76840AF8F43687F9C0B3E8B8 = {
			isa = PBXFileReference;
			lastKnownFileType = sourcecode.cpp.cpp;
			name = "include_juce_audio_plugin_client_VST3.cpp";
			path = "../../JuceLibraryCode/include_juce_audio_plugin_client_VST3.cpp";
			sourceTree = "SOURCE_ROOT";
		};
		7A49BB89347123AE803040DD = {
			isa = PBXFileReference;
			lastKnownFileType = sourcecode.cpp.objcpp;
			name = "include_juce_graphics.mm";
			path = "../../JuceLibraryCode/include_juce_graphics.mm";
			sourceTree = "SOURCE_ROOT";
		};
		801859A01FB45B73299CDEFA = {
			isa = PBXFileReference;
			lastKnownFileType = sourcecode.cpp.objcpp;
			name = "include_juce_audio_devices.mm";
			path = "../../JuceLibraryCode/include_juce_audio_devices.mm";
			sourceTree = "SOURCE_ROOT";
		};
		801EB933C7CF64DB0C1F2F3C = {
			isa = PBXFileReference;
			lastKnownFileType = file;
			name = "juce_gui_extra";
			path = "../../../../JUCE/modules/juce_gui_extra";
			sourceTree = "SOURCE_ROOT";
		};
		81C7757DA5EC6B61BD16AACA = {
			isa = PBXFileReference;
			lastKnownFileType = wrapper.framework;
			name = Carbon.framework;
			path = System/Library/Frameworks/Carbon.framework;
			sourceTree = SDKROOT;
		};
		8493EF170B272A2108824544 = {
			isa = PBXFileReference;
			lastKnownFileType = wrapper.framework;
			name = AudioToolbox.framework;
			path = System/Library/Frameworks/AudioToolbox.framework;
			sourceTree = SDKROOT;
		};
		8A9BD0955F6EC2181983844E = {
			isa = PBXFileReference;
			lastKnownFileType = sourcecode.c.h;
			name = JucePluginDefines.h;
			path = ../../JuceLibraryCode/JucePluginDefines.h;
			sourceTree = "SOURCE_ROOT";
		};
		8DE6E90EEE63E98D3E784C10 = {
			isa = PBXFileReference;
			lastKnownFileType = file;
			name = "juce_audio_utils";
			path = "../../../../JUCE/modules/juce_audio_utils";
			sourceTree = "SOURCE_ROOT";
		};
		8FA5A65EF136B84D7C075B35 = {
			isa = PBXFileReference;
			lastKnownFileType = text.plist.xml;
			name = "Info-VST3.plist";
			path = "Info-VST3.plist";
			sourceTree = "SOURCE_ROOT";
		};
		91F52B53125C608DD3906510 = {
			isa = PBXFileReference;
			lastKnownFileType = sourcecode.c.h;
			name = PositionDisplay.h;
			path = ../../Source/PositionDisplay.h;
			sourceTree = "SOURCE_ROOT";
		};
		9303207BC1C6FF8F0A566792 = {
			isa = PBXFileReference;
			lastKnownFileType = sourcecode.cpp.objcpp;
			name = "include_juce_core.mm";
			path = "../../JuceLibraryCode/include_juce_core.mm";
			sourceTree = "SOURCE_ROOT";
		};
		9723DEC3CA8D5B88C25C9048 = {
			isa = PBXFileReference;
			lastKnownFileType = text.plist.xml;
			name = "Info-Standalone_Plugin.plist";
			path = "Info-Standalone_Plugin.plist";
			sourceTree = "SOURCE_ROOT";
		};
		9754769DF2671E0DA72CA96D = {
			isa = PBXFileReference;
			lastKnownFileType = file;
			name = "juce_core";
			path = "../../../../JUCE/modules/juce_core";
			sourceTree = "SOURCE_ROOT";
		};
		AB6337E950050546B68089FF = {
			isa = PBXFileReference;
			lastKnownFileType = sourcecode.c.h;
			name = PluginProcessor.h;
			path = ../../Source/PluginProcessor.h;
			sourceTree = "SOURCE_ROOT";
		};
		AC3424AEB43465751A7E0E78 = {
			isa = PBXFileReference;
			lastKnownFileType = wrapper.framework;
			name = Foundation.framework;
			path = System/Library/Frameworks/Foundation.framework;
			sourceTree = SDKROOT;
		};
		AC77345134FC514955C1D6BA = {
			isa = PBXFileReference;
			lastKnownFileType = sourcecode.cpp.objcpp;
			name = "include_juce_audio_plugin_client_AU_1.mm";
			path = "../../JuceLibraryCode/include_juce_audio_plugin_client_AU_1.mm";
			sourceTree = "SOURCE_ROOT";
		};
		B299AA806537ED0CB39B10EF = {
			isa = PBXFileReference;
			lastKnownFileType = file;
			name = "juce_audio_processors";
			path = "../../../../JUCE/modules/juce_audio_processors";
			sourceTree = "SOURCE_ROOT";
		};
		B313F6F7DEABDE263C8306B1 = {
			isa = PBXFileReference;
			lastKnownFileType = wrapper.framework;
			name = AudioUnit.framework;
			path = System/Library/Frameworks/AudioUnit.framework;
			sourceTree = SDKROOT;
		};
		B3DC33E12D0E4F2DAF616805 = {
			isa = PBXFileReference;
			lastKnownFileType = sourcecode.cpp.objcpp;
			name = "include_juce_gui_extra.mm";
			path = "../../JuceLibraryCode/include_juce_gui_extra.mm";
			sourceTree = "SOURCE_ROOT";
		};
		B5625AECEA5CD1531DFFE2CD = {
			isa = PBXFileReference;
			lastKnownFileType = file;
			name = "juce_events";
			path = "../../../../JUCE/modules/juce_events";
			sourceTree = "SOURCE_ROOT";
		};
		B95DBBF08305C3EB564227F9 = {
			isa = PBXFileReference;
			lastKnownFileType = wrapper.framework;
			name = DiscRecording.framework;
			path = System/Library/Frameworks/DiscRecording.framework;
			sourceTree = SDKROOT;
		};
		BF46B3BB1E563B417F9649A1 = {
			isa = PBXFileReference;
			lastKnownFileType = text.plist.xml;
			name = "Info-AU.plist";
			path = "Info-AU.plist";
			sourceTree = "SOURCE_ROOT";
		};
		C5676835D26EF6360572AC56 = {
			isa = PBXFileReference;
			lastKnownFileType = sourcecode.cpp.cpp;
			name = PluginEditor.cpp;
			path = ../../Source/PluginEditor.cpp;
			sourceTree = "SOURCE_ROOT";
		};
		C7747B95E6E8FFE6B2D9FB10 = {
			isa = PBXFileReference;
			lastKnownFileType = sourcecode.cpp.objcpp;
			name = "include_juce_gui_basics.mm";
			path = "../../JuceLibraryCode/include_juce_gui_basics.mm";
			sourceTree = "SOURCE_ROOT";
		};
		D78C11D2F7544F0FA4639498 = {
			isa = PBXFileReference;
			lastKnownFileType = sourcecode.cpp.objcpp;
			name = "include_juce_audio_plugin_client_AU_2.mm";
			path = "../../JuceLibraryCode/include_juce_audio_plugin_client_AU_2.mm";
			sourceTree = "SOURCE_ROOT";
		};
		DA4240F47AC1B505D98D3612 = {
			isa = PBXFileReference;
			lastKnownFileType = sourcecode.c.h;
			name = AudioParams.h;
			path = ../../Source/AudioParams.h;
			sourceTree = "SOURCE_ROOT";
		};
		E866BDD41DDA37A51337D535 = {
			isa = PBXFileReference;
			explicitFileType = wrapper.cfbundle;
			includeInIndex = 0;
			path = DemoPlugin.vst3;
			sourceTree = "BUILT_PRODUCTS_DIR";
		};
		B92C66ABA34A586026230608 = {
			isa = PBXFileReference;
			explicitFileType = wrapper.cfbundle;
			includeInIndex = 0;
			path = DemoPlugin.component;
			sourceTree = "BUILT_PRODUCTS_DIR";
		};
		D24BE97D2BD1617151B6BED6 = {
			isa = PBXFileReference;
			explicitFileType = wrapper.application;
			includeInIndex = 0;
			path = DemoPlugin.app;
			sourceTree = "BUILT_PRODUCTS_DIR";
		};
		405C02944327A730E101F3BB = {
			isa = PBXFileReference;
			explicitFileType = archive.ar;
			includeInIndex = 0;
			path = libDemoPlugin.a;
			sourceTree = "BUILT_PRODUCTS_DIR";
		};
		DBD93C384C970EAAD0CBA85F = {
			isa = PBXFileReference;
			lastKnownFileType = sourcecode.cpp.objcpp;
			name = "include_juce_audio_basics.mm";
			path = "../../JuceLibraryCode/include_juce_audio_basics.mm";
			sourceTree = "SOURCE_ROOT";
		};
		DE1F2ECB4E4BE633D2F1BCAC = {
			isa = PBXFileReference;
			lastKnownFileType = sourcecode.cpp.objcpp;
			name = "include_juce_audio_formats.mm";
			path = "../../JuceLibraryCode/include_juce_audio_formats.mm";
			sourceTree = "SOURCE_ROOT";
		};
		E0BFFD3C40E9BB07E5C9CAAB = {
			isa = PBXFileReference;
			lastKnownFileType = sourcecode.cpp.objcpp;
			name = "include_juce_events.mm";
			path = "../../JuceLibraryCode/include_juce_events.mm";
			sourceTree = "SOURCE_ROOT";
		};
		E880E57EE48D035E0A797440 = {
			isa = PBXFileReference;
			lastKnownFileType = file;
			name = "juce_gui_basics";
			path = "../../../../JUCE/modules/juce_gui_basics";
			sourceTree = "SOURCE_ROOT";
		};
		ED1F3DB49DB1736F09CE0236 = {
			isa = PBXFileReference;
			lastKnownFileType = file;
			name = "juce_data_structures";
			path = "../../../../JUCE/modules/juce_data_structures";
			sourceTree = "SOURCE_ROOT";
		};
		F2026D38E28BCD59271DC1F3 = {
			isa = PBXFileReference;
			lastKnownFileType = file.nib;
			name = RecentFilesMenuTemplate.nib;
			path = RecentFilesMenuTemplate.nib;
			sourceTree = "SOURCE_ROOT";
		};
		FA155AE355239B860581F79E = {
			isa = PBXFileReference;
			lastKnownFileType = file;
			name = "juce_audio_basics";
			path = "../../../../JUCE/modules/juce_audio_basics";
			sourceTree = "SOURCE_ROOT";
		};
		FEBBDC65E795732F5F91D010 = {
			isa = PBXFileReference;
			lastKnownFileType = wrapper.framework;
			name = CoreMIDI.framework;
			path = System/Library/Frameworks/CoreMIDI.framework;
			sourceTree = SDKROOT;
		};
		C2D0CAEE6D1F2F350CD5F161 = {
			isa = PBXGroup;
			children = (
				91F52B53125C608DD3906510,
				DA4240F47AC1B505D98D3612,
				180B80C0DC6680741A1DED66,
				58C55257E0A0B6995B0F04FD,
				51AFD7541E3469B94A5ADEEF,
				AB6337E950050546B68089FF,
				C5676835D26EF6360572AC56,
				051C04F979B665D68479C036,
			);
			name = Source;
			sourceTree = "<group>";
		};
		A22E87D20CEA64C11890ED07 = {
			isa = PBXGroup;
			children = (
				C2D0CAEE6D1F2F350CD5F161,
			);
			name = DemoPlugin;
			sourceTree = "<group>";
		};
		98EBDBBE22C3611F4522574F = {
			isa = PBXGroup;
			children = (
				FA155AE355239B860581F79E,
				41BCBB756CC9B8F9AC0B3B62,
				03224CC712193AB9CCC18892,
				743874CE4E226FF8FF7D4892,
				B299AA806537ED0CB39B10EF,
				8DE6E90EEE63E98D3E784C10,
				9754769DF2671E0DA72CA96D,
				ED1F3DB49DB1736F09CE0236,
				B5625AECEA5CD1531DFFE2CD,
				370DAFAF4AA4DE0FD5C7FA0D,
				E880E57EE48D035E0A797440,
				801EB933C7CF64DB0C1F2F3C,
			);
			name = "JUCE Modules";
			sourceTree = "<group>";
		};
		AB98D6D2CACE7F3E3E8C6034 = {
			isa = PBXGroup;
			children = (
				DBD93C384C970EAAD0CBA85F,
				801859A01FB45B73299CDEFA,
				DE1F2ECB4E4BE633D2F1BCAC,
				240A386D3C5956CDEDA331F3,
				AC77345134FC514955C1D6BA,
				D78C11D2F7544F0FA4639498,
				0F05D9216293BDCAF2525F73,
				2E3762179AF95484A8C0925B,
				0BDADCC1CA88811BBD1F73CF,
				76840AF8F43687F9C0B3E8B8,
				1E5196E8475FE432463F08CE,
				22CE0264310885ABA5FA0824,
				9303207BC1C6FF8F0A566792,
				404BB9BEA5F442BC40FC648F,
				E0BFFD3C40E9BB07E5C9CAAB,
				7A49BB89347123AE803040DD,
				C7747B95E6E8FFE6B2D9FB10,
				B3DC33E12D0E4F2DAF616805,
				6DD334ADF3499172BDD015BA,
				8A9BD0955F6EC2181983844E,
			);
			name = "JUCE Library Code";
			sourceTree = "<group>";
		};
		B7922BF49840128AA84637F9 = {
			isa = PBXGroup;
			children = (
				8FA5A65EF136B84D7C075B35,
				BF46B3BB1E563B417F9649A1,
				9723DEC3CA8D5B88C25C9048,
				F2026D38E28BCD59271DC1F3,
			);
			name = Resources;
			sourceTree = "<group>";
		};
		B7F9813B82EA84D5BDD0325B = {
			isa = PBXGroup;
			children = (
				B313F6F7DEABDE263C8306B1,
				0861E004085ED469F7D6D7AE,
				8493EF170B272A2108824544,
				81C7757DA5EC6B61BD16AACA,
				32A80BB06D501C5F21C2EA78,
				1042C652372DC473812E5AC9,
				41CF70E76EB1E2FAB0D358E2,
				FEBBDC65E795732F5F91D010,
				B95DBBF08305C3EB564227F9,
				AC3424AEB43465751A7E0E78,
				5ACF3D2FD8CB135AB3E69D4E,
				69276025F55843408CFF8595,
				61746F3F397ECEEC603CE42C,
			);
			name = Frameworks;
			sourceTree = "<group>";
		};
		6534DC30BB3828FF6FCFB10B = {
			isa = PBXGroup;
			children = (
				E866BDD41DDA37A51337D535,
				B92C66ABA34A586026230608,
				D24BE97D2BD1617151B6BED6,
				405C02944327A730E101F3BB,
			);
			name = Products;
			sourceTree = "<group>";
		};
		3E63DBE6E23E56309A82E532 = {
			isa = PBXGroup;
			children = (
				A22E87D20CEA64C11890ED07,
				98EBDBBE22C3611F4522574F,
				AB98D6D2CACE7F3E3E8C6034,
				B7922BF49840128AA84637F9,
				B7F9813B82EA84D5BDD0325B,
				6534DC30BB3828FF6FCFB10B,
			);
			name = Source;
			sourceTree = "<group>";
		};
		623E851265AECADE52996068 = {
			isa = PBXTargetDependency;
			target = F63D44E74A268CB1AE4DF650;
		};
		AB2992C30591E80DC4A10F98 = {
			isa = PBXTargetDependency;
			target = 97F2B373D187EC2E9E0F9C80;
		};
		7B1049686C2422E75ED7A17C = {
			isa = PBXTargetDependency;
			target = 9AD50909E4E7675153D646B1;
		};
		26C58E9C21A345A6053615DA = {
			isa = PBXTargetDependency;
			target = BA8F0ADE119837E5CC5D6979;
		};
		7C5B792852C34539C4AC50EC = {
			isa = PBXTargetDependency;
			target = BA8F0ADE119837E5CC5D6979;
		};
		FF0F2A94A6595A87BB31F14C = {
			isa = PBXTargetDependency;
			target = BA8F0ADE119837E5CC5D6979;
		};
		673275876AD6A33311C08DF6 = {
			isa = PBXTargetDependency;
			target = BA8F0ADE119837E5CC5D6979;
		};
		661B040AD79A150DF65C0456 = {
			isa = XCBuildConfiguration;
			buildSettings = {
				MACOSX_DEPLOYMENT_TARGET = 10.11;
				SDKROOT = macosx;
			};
			name = Debug;
		};
		938CEF9C29F15DF4F54A25B0 = {
			isa = XCBuildConfiguration;
			buildSettings = {
				MACOSX_DEPLOYMENT_TARGET = 10.11;
				SDKROOT = macosx;
			};
			name = Release;
		};
		F3BE3ABB578E07E6F350671C = {
			isa = XCBuildConfiguration;
			buildSettings = {
				CLANG_CXX_LANGUAGE_STANDARD = "c++14";
				CLANG_CXX_LIBRARY = "libc++";
				CLANG_LINK_OBJC_RUNTIME = NO;
				CODE_SIGN_IDENTITY = "";
				COMBINE_HIDPI_IMAGES = YES;
				CONFIGURATION_BUILD_DIR = "$(PROJECT_DIR)/build/$(CONFIGURATION)";
				COPY_PHASE_STRIP = NO;
				DEPLOYMENT_LOCATION = YES;
				DSTROOT = /;
				GCC_DYNAMIC_NO_PIC = NO;
				GCC_OPTIMIZATION_LEVEL = 0;
				GCC_PREPROCESSOR_DEFINITIONS = (
					"_DEBUG=1",
					"DEBUG=1",
					"JUCE_DISPLAY_SPLASH_SCREEN=1",
					"JUCE_USE_DARK_SPLASH_SCREEN=1",
					"JUCE_PROJUCER_VERSION=0x60007",
					"JUCE_MODULE_AVAILABLE_juce_audio_basics=1",
					"JUCE_MODULE_AVAILABLE_juce_audio_devices=1",
					"JUCE_MODULE_AVAILABLE_juce_audio_formats=1",
					"JUCE_MODULE_AVAILABLE_juce_audio_plugin_client=1",
					"JUCE_MODULE_AVAILABLE_juce_audio_processors=1",
					"JUCE_MODULE_AVAILABLE_juce_audio_utils=1",
					"JUCE_MODULE_AVAILABLE_juce_core=1",
					"JUCE_MODULE_AVAILABLE_juce_data_structures=1",
					"JUCE_MODULE_AVAILABLE_juce_events=1",
					"JUCE_MODULE_AVAILABLE_juce_graphics=1",
					"JUCE_MODULE_AVAILABLE_juce_gui_basics=1",
					"JUCE_MODULE_AVAILABLE_juce_gui_extra=1",
					"JUCE_GLOBAL_MODULE_SETTINGS_INCLUDED=1",
					"JUCE_VST3_CAN_REPLACE_VST2=0",
					"JUCE_STRICT_REFCOUNTEDPOINTER=1",
					"JucePlugin_Build_VST=0",
					"JucePlugin_Build_VST3=1",
					"JucePlugin_Build_AU=0",
					"JucePlugin_Build_AUv3=0",
					"JucePlugin_Build_RTAS=0",
					"JucePlugin_Build_AAX=0",
					"JucePlugin_Build_Standalone=0",
					"JucePlugin_Build_Unity=0",
					"JucePlugin_Enable_IAA=0",
					"JucePlugin_Name=\\\"DemoPlugin\\\"",
					"JucePlugin_Desc=\\\"DemoPlugin\\\"",
					"JucePlugin_Manufacturer=\\\"mmmanolo\\\"",
					"JucePlugin_ManufacturerWebsite=\\\"mmmanolo.com\\\"",
					"JucePlugin_ManufacturerEmail=\\\"manolo@mmmanolo.com\\\"",
					"JucePlugin_ManufacturerCode=0x4d616e75",
					"JucePlugin_PluginCode=0x457a6675",
					"JucePlugin_IsSynth=0",
					"JucePlugin_WantsMidiInput=0",
					"JucePlugin_ProducesMidiOutput=0",
					"JucePlugin_IsMidiEffect=0",
					"JucePlugin_EditorRequiresKeyboardFocus=0",
					"JucePlugin_Version=0.1",
					"JucePlugin_VersionCode=0x100",
					"JucePlugin_VersionString=\\\"0.1\\\"",
					"JucePlugin_VSTUniqueID=JucePlugin_PluginCode",
					"JucePlugin_VSTCategory=kPlugCategEffect",
					"JucePlugin_Vst3Category=\\\"Fx\\\"",
					"JucePlugin_AUMainType='aufx'",
					"JucePlugin_AUSubType=JucePlugin_PluginCode",
					"JucePlugin_AUExportPrefix=DemoPluginAU",
					"JucePlugin_AUExportPrefixQuoted=\\\"DemoPluginAU\\\"",
					"JucePlugin_AUManufacturerCode=JucePlugin_ManufacturerCode",
					"JucePlugin_CFBundleIdentifier=com.mmmanolo.DemoPlugin",
					"JucePlugin_RTASCategory=0",
					"JucePlugin_RTASManufacturerCode=JucePlugin_ManufacturerCode",
					"JucePlugin_RTASProductId=JucePlugin_PluginCode",
					"JucePlugin_RTASDisableBypass=0",
					"JucePlugin_RTASDisableMultiMono=0",
					"JucePlugin_AAXIdentifier=com.mmmanolo.DemoPlugin",
					"JucePlugin_AAXManufacturerCode=JucePlugin_ManufacturerCode",
					"JucePlugin_AAXProductId=JucePlugin_PluginCode",
					"JucePlugin_AAXCategory=0",
					"JucePlugin_AAXDisableBypass=0",
					"JucePlugin_AAXDisableMultiMono=0",
					"JucePlugin_IAAType=0x61757278",
					"JucePlugin_IAASubType=JucePlugin_PluginCode",
					"JucePlugin_IAAName=\\\"mmmanolo:\\ DemoPlugin\\\"",
					"JucePlugin_VSTNumMidiInputs=16",
					"JucePlugin_VSTNumMidiOutputs=16",
					"JucePlugin_MaxNumInputChannels=1",
					"JucePlugin_MaxNumOutputChannels=4",
					"JucePlugin_PreferredChannelConfigurations={1,\\ 4}",
					"JUCE_STANDALONE_APPLICATION=JucePlugin_Build_Standalone",
					"JUCER_XCODE_MAC_F6D2F4CF=1",
					"JUCE_APP_VERSION=0.1",
					"JUCE_APP_VERSION_HEX=0x100",
				);
				GCC_VERSION = com.apple.compilers.llvm.clang.1_0;
				GENERATE_PKGINFO_FILE = YES;
				HEADER_SEARCH_PATHS = (
					"$(SRCROOT)/../../../../JUCE/modules/juce_audio_processors/format_types/VST3_SDK",
					"$(SRCROOT)/../../JuceLibraryCode",
					"$(SRCROOT)/../../../../JUCE/modules",
					"$(SRCROOT)/../../../../JUCE/modules/juce_audio_plugin_client",
					"$(inherited)",
				);
				INFOPLIST_FILE = Info-VST3.plist;
				INFOPLIST_PREPROCESS = NO;
				INSTALL_PATH = "$(HOME)/Library/Audio/Plug-Ins/VST3/";
				LIBRARY_STYLE = Bundle;
				MACOSX_DEPLOYMENT_TARGET = 10.11;
				MTL_HEADER_SEARCH_PATHS = (
					"$(SRCROOT)/../../../../JUCE/modules/juce_audio_processors/format_types/VST3_SDK",
					"$(SRCROOT)/../../JuceLibraryCode",
					"$(SRCROOT)/../../../../JUCE/modules",
					"$(SRCROOT)/../../../../JUCE/modules/juce_audio_plugin_client",
				);
				OTHER_LDFLAGS = "-bundle -lDemoPlugin";
				PRODUCT_BUNDLE_IDENTIFIER = com.mmmanolo.DemoPlugin;
				PRODUCT_NAME = "DemoPlugin";
				USE_HEADERMAP = NO;
				VALID_ARCHS = "i386 x86_64 arm64 arm64e";
				WRAPPER_EXTENSION = vst3;
			};
			name = Debug;
		};
		68E0F868ED6DD6AD4F353C20 = {
			isa = XCBuildConfiguration;
			buildSettings = {
				CLANG_CXX_LANGUAGE_STANDARD = "c++14";
				CLANG_CXX_LIBRARY = "libc++";
				CLANG_LINK_OBJC_RUNTIME = NO;
				CODE_SIGN_IDENTITY = "";
				COMBINE_HIDPI_IMAGES = YES;
				CONFIGURATION_BUILD_DIR = "$(PROJECT_DIR)/build/$(CONFIGURATION)";
				DEAD_CODE_STRIPPING = YES;
				DEPLOYMENT_LOCATION = YES;
				DSTROOT = /;
				GCC_GENERATE_DEBUGGING_SYMBOLS = NO;
				GCC_OPTIMIZATION_LEVEL = 3;
				GCC_PREPROCESSOR_DEFINITIONS = (
					"_NDEBUG=1",
					"NDEBUG=1",
					"JUCE_DISPLAY_SPLASH_SCREEN=1",
					"JUCE_USE_DARK_SPLASH_SCREEN=1",
					"JUCE_PROJUCER_VERSION=0x60007",
					"JUCE_MODULE_AVAILABLE_juce_audio_basics=1",
					"JUCE_MODULE_AVAILABLE_juce_audio_devices=1",
					"JUCE_MODULE_AVAILABLE_juce_audio_formats=1",
					"JUCE_MODULE_AVAILABLE_juce_audio_plugin_client=1",
					"JUCE_MODULE_AVAILABLE_juce_audio_processors=1",
					"JUCE_MODULE_AVAILABLE_juce_audio_utils=1",
					"JUCE_MODULE_AVAILABLE_juce_core=1",
					"JUCE_MODULE_AVAILABLE_juce_data_structures=1",
					"JUCE_MODULE_AVAILABLE_juce_events=1",
					"JUCE_MODULE_AVAILABLE_juce_graphics=1",
					"JUCE_MODULE_AVAILABLE_juce_gui_basics=1",
					"JUCE_MODULE_AVAILABLE_juce_gui_extra=1",
					"JUCE_GLOBAL_MODULE_SETTINGS_INCLUDED=1",
					"JUCE_VST3_CAN_REPLACE_VST2=0",
					"JUCE_STRICT_REFCOUNTEDPOINTER=1",
					"JucePlugin_Build_VST=0",
					"JucePlugin_Build_VST3=1",
					"JucePlugin_Build_AU=0",
					"JucePlugin_Build_AUv3=0",
					"JucePlugin_Build_RTAS=0",
					"JucePlugin_Build_AAX=0",
					"JucePlugin_Build_Standalone=0",
					"JucePlugin_Build_Unity=0",
					"JucePlugin_Enable_IAA=0",
					"JucePlugin_Name=\\\"DemoPlugin\\\"",
					"JucePlugin_Desc=\\\"DemoPlugin\\\"",
					"JucePlugin_Manufacturer=\\\"mmmanolo\\\"",
					"JucePlugin_ManufacturerWebsite=\\\"mmmanolo.com\\\"",
					"JucePlugin_ManufacturerEmail=\\\"manolo@mmmanolo.com\\\"",
					"JucePlugin_ManufacturerCode=0x4d616e75",
					"JucePlugin_PluginCode=0x457a6675",
					"JucePlugin_IsSynth=0",
					"JucePlugin_WantsMidiInput=0",
					"JucePlugin_ProducesMidiOutput=0",
					"JucePlugin_IsMidiEffect=0",
					"JucePlugin_EditorRequiresKeyboardFocus=0",
					"JucePlugin_Version=0.1",
					"JucePlugin_VersionCode=0x100",
					"JucePlugin_VersionString=\\\"0.1\\\"",
					"JucePlugin_VSTUniqueID=JucePlugin_PluginCode",
					"JucePlugin_VSTCategory=kPlugCategEffect",
					"JucePlugin_Vst3Category=\\\"Fx\\\"",
					"JucePlugin_AUMainType='aufx'",
					"JucePlugin_AUSubType=JucePlugin_PluginCode",
					"JucePlugin_AUExportPrefix=DemoPluginAU",
					"JucePlugin_AUExportPrefixQuoted=\\\"DemoPluginAU\\\"",
					"JucePlugin_AUManufacturerCode=JucePlugin_ManufacturerCode",
					"JucePlugin_CFBundleIdentifier=com.mmmanolo.DemoPlugin",
					"JucePlugin_RTASCategory=0",
					"JucePlugin_RTASManufacturerCode=JucePlugin_ManufacturerCode",
					"JucePlugin_RTASProductId=JucePlugin_PluginCode",
					"JucePlugin_RTASDisableBypass=0",
					"JucePlugin_RTASDisableMultiMono=0",
					"JucePlugin_AAXIdentifier=com.mmmanolo.DemoPlugin",
					"JucePlugin_AAXManufacturerCode=JucePlugin_ManufacturerCode",
					"JucePlugin_AAXProductId=JucePlugin_PluginCode",
					"JucePlugin_AAXCategory=0",
					"JucePlugin_AAXDisableBypass=0",
					"JucePlugin_AAXDisableMultiMono=0",
					"JucePlugin_IAAType=0x61757278",
					"JucePlugin_IAASubType=JucePlugin_PluginCode",
					"JucePlugin_IAAName=\\\"mmmanolo:\\ DemoPlugin\\\"",
					"JucePlugin_VSTNumMidiInputs=16",
					"JucePlugin_VSTNumMidiOutputs=16",
					"JucePlugin_MaxNumInputChannels=1",
					"JucePlugin_MaxNumOutputChannels=4",
					"JucePlugin_PreferredChannelConfigurations={1,\\ 4}",
					"JUCE_STANDALONE_APPLICATION=JucePlugin_Build_Standalone",
					"JUCER_XCODE_MAC_F6D2F4CF=1",
					"JUCE_APP_VERSION=0.1",
					"JUCE_APP_VERSION_HEX=0x100",
				);
				GCC_VERSION = com.apple.compilers.llvm.clang.1_0;
				GENERATE_PKGINFO_FILE = YES;
				HEADER_SEARCH_PATHS = (
					"$(SRCROOT)/../../../../JUCE/modules/juce_audio_processors/format_types/VST3_SDK",
					"$(SRCROOT)/../../JuceLibraryCode",
					"$(SRCROOT)/../../../../JUCE/modules",
					"$(SRCROOT)/../../../../JUCE/modules/juce_audio_plugin_client",
					"$(inherited)",
				);
				INFOPLIST_FILE = Info-VST3.plist;
				INFOPLIST_PREPROCESS = NO;
				INSTALL_PATH = "$(HOME)/Library/Audio/Plug-Ins/VST3/";
				LIBRARY_STYLE = Bundle;
				LLVM_LTO = YES;
				MACOSX_DEPLOYMENT_TARGET = 10.11;
				MTL_HEADER_SEARCH_PATHS = (
					"$(SRCROOT)/../../../../JUCE/modules/juce_audio_processors/format_types/VST3_SDK",
					"$(SRCROOT)/../../JuceLibraryCode",
					"$(SRCROOT)/../../../../JUCE/modules",
					"$(SRCROOT)/../../../../JUCE/modules/juce_audio_plugin_client",
				);
				OTHER_LDFLAGS = "-bundle -lDemoPlugin";
				PRODUCT_BUNDLE_IDENTIFIER = com.mmmanolo.DemoPlugin;
				PRODUCT_NAME = "DemoPlugin";
				USE_HEADERMAP = NO;
				VALID_ARCHS = "i386 x86_64 arm64 arm64e";
				WRAPPER_EXTENSION = vst3;
			};
			name = Release;
		};
		B723E9A389F59210F664467A = {
			isa = XCBuildConfiguration;
			buildSettings = {
				CLANG_CXX_LANGUAGE_STANDARD = "c++14";
				CLANG_CXX_LIBRARY = "libc++";
				CLANG_LINK_OBJC_RUNTIME = NO;
				CODE_SIGN_IDENTITY = "";
				COMBINE_HIDPI_IMAGES = YES;
				CONFIGURATION_BUILD_DIR = "$(PROJECT_DIR)/build/$(CONFIGURATION)";
				COPY_PHASE_STRIP = NO;
				DEPLOYMENT_LOCATION = YES;
				DSTROOT = /;
				GCC_DYNAMIC_NO_PIC = NO;
				GCC_OPTIMIZATION_LEVEL = 0;
				GCC_PREPROCESSOR_DEFINITIONS = (
					"_DEBUG=1",
					"DEBUG=1",
					"JUCE_DISPLAY_SPLASH_SCREEN=1",
					"JUCE_USE_DARK_SPLASH_SCREEN=1",
					"JUCE_PROJUCER_VERSION=0x60007",
					"JUCE_MODULE_AVAILABLE_juce_audio_basics=1",
					"JUCE_MODULE_AVAILABLE_juce_audio_devices=1",
					"JUCE_MODULE_AVAILABLE_juce_audio_formats=1",
					"JUCE_MODULE_AVAILABLE_juce_audio_plugin_client=1",
					"JUCE_MODULE_AVAILABLE_juce_audio_processors=1",
					"JUCE_MODULE_AVAILABLE_juce_audio_utils=1",
					"JUCE_MODULE_AVAILABLE_juce_core=1",
					"JUCE_MODULE_AVAILABLE_juce_data_structures=1",
					"JUCE_MODULE_AVAILABLE_juce_events=1",
					"JUCE_MODULE_AVAILABLE_juce_graphics=1",
					"JUCE_MODULE_AVAILABLE_juce_gui_basics=1",
					"JUCE_MODULE_AVAILABLE_juce_gui_extra=1",
					"JUCE_GLOBAL_MODULE_SETTINGS_INCLUDED=1",
					"JUCE_VST3_CAN_REPLACE_VST2=0",
					"JUCE_STRICT_REFCOUNTEDPOINTER=1",
					"JucePlugin_Build_VST=0",
					"JucePlugin_Build_VST3=0",
					"JucePlugin_Build_AU=1",
					"JucePlugin_Build_AUv3=0",
					"JucePlugin_Build_RTAS=0",
					"JucePlugin_Build_AAX=0",
					"JucePlugin_Build_Standalone=0",
					"JucePlugin_Build_Unity=0",
					"JucePlugin_Enable_IAA=0",
					"JucePlugin_Name=\\\"DemoPlugin\\\"",
					"JucePlugin_Desc=\\\"DemoPlugin\\\"",
					"JucePlugin_Manufacturer=\\\"mmmanolo\\\"",
					"JucePlugin_ManufacturerWebsite=\\\"mmmanolo.com\\\"",
					"JucePlugin_ManufacturerEmail=\\\"manolo@mmmanolo.com\\\"",
					"JucePlugin_ManufacturerCode=0x4d616e75",
					"JucePlugin_PluginCode=0x457a6675",
					"JucePlugin_IsSynth=0",
					"JucePlugin_WantsMidiInput=0",
					"JucePlugin_ProducesMidiOutput=0",
					"JucePlugin_IsMidiEffect=0",
					"JucePlugin_EditorRequiresKeyboardFocus=0",
					"JucePlugin_Version=0.1",
					"JucePlugin_VersionCode=0x100",
					"JucePlugin_VersionString=\\\"0.1\\\"",
					"JucePlugin_VSTUniqueID=JucePlugin_PluginCode",
					"JucePlugin_VSTCategory=kPlugCategEffect",
					"JucePlugin_Vst3Category=\\\"Fx\\\"",
					"JucePlugin_AUMainType='aufx'",
					"JucePlugin_AUSubType=JucePlugin_PluginCode",
					"JucePlugin_AUExportPrefix=DemoPluginAU",
					"JucePlugin_AUExportPrefixQuoted=\\\"DemoPluginAU\\\"",
					"JucePlugin_AUManufacturerCode=JucePlugin_ManufacturerCode",
					"JucePlugin_CFBundleIdentifier=com.mmmanolo.DemoPlugin",
					"JucePlugin_RTASCategory=0",
					"JucePlugin_RTASManufacturerCode=JucePlugin_ManufacturerCode",
					"JucePlugin_RTASProductId=JucePlugin_PluginCode",
					"JucePlugin_RTASDisableBypass=0",
					"JucePlugin_RTASDisableMultiMono=0",
					"JucePlugin_AAXIdentifier=com.mmmanolo.DemoPlugin",
					"JucePlugin_AAXManufacturerCode=JucePlugin_ManufacturerCode",
					"JucePlugin_AAXProductId=JucePlugin_PluginCode",
					"JucePlugin_AAXCategory=0",
					"JucePlugin_AAXDisableBypass=0",
					"JucePlugin_AAXDisableMultiMono=0",
					"JucePlugin_IAAType=0x61757278",
					"JucePlugin_IAASubType=JucePlugin_PluginCode",
					"JucePlugin_IAAName=\\\"mmmanolo:\\ DemoPlugin\\\"",
					"JucePlugin_VSTNumMidiInputs=16",
					"JucePlugin_VSTNumMidiOutputs=16",
					"JucePlugin_MaxNumInputChannels=1",
					"JucePlugin_MaxNumOutputChannels=4",
					"JucePlugin_PreferredChannelConfigurations={1,\\ 4}",
					"JUCE_STANDALONE_APPLICATION=JucePlugin_Build_Standalone",
					"JUCER_XCODE_MAC_F6D2F4CF=1",
					"JUCE_APP_VERSION=0.1",
					"JUCE_APP_VERSION_HEX=0x100",
				);
				GCC_VERSION = com.apple.compilers.llvm.clang.1_0;
				GENERATE_PKGINFO_FILE = YES;
				HEADER_SEARCH_PATHS = (
					"$(SRCROOT)/../../../../JUCE/modules/juce_audio_processors/format_types/VST3_SDK",
					"$(SRCROOT)/../../JuceLibraryCode",
					"$(SRCROOT)/../../../../JUCE/modules",
					"$(SRCROOT)/../../../../JUCE/modules/juce_audio_plugin_client",
					"$(inherited)",
				);
				INFOPLIST_FILE = Info-AU.plist;
				INFOPLIST_PREPROCESS = NO;
				INSTALL_PATH = "$(HOME)/Library/Audio/Plug-Ins/Components/";
				LIBRARY_STYLE = Bundle;
				MACOSX_DEPLOYMENT_TARGET = 10.11;
				MTL_HEADER_SEARCH_PATHS = (
					"$(SRCROOT)/../../../../JUCE/modules/juce_audio_processors/format_types/VST3_SDK",
					"$(SRCROOT)/../../JuceLibraryCode",
					"$(SRCROOT)/../../../../JUCE/modules",
					"$(SRCROOT)/../../../../JUCE/modules/juce_audio_plugin_client",
				);
				OTHER_LDFLAGS = "-bundle -lDemoPlugin";
				OTHER_REZFLAGS = "-d ppc_$ppc -d i386_$i386 -d ppc64_$ppc64 -d x86_64_$x86_64 -I /System/Library/Frameworks/CoreServices.framework/Frameworks/CarbonCore.framework/Versions/A/Headers -I \"$(DEVELOPER_DIR)/Extras/CoreAudio/AudioUnits/AUPublic/AUBase\" -I \"$(DEVELOPER_DIR)/Platforms/MacOSX.platform/Developer/SDKs/MacOSX.sdk/System/Library/Frameworks/AudioUnit.framework/Headers\"";
				PRODUCT_BUNDLE_IDENTIFIER = com.mmmanolo.DemoPlugin;
				PRODUCT_NAME = "DemoPlugin";
				USE_HEADERMAP = NO;
				VALID_ARCHS = "i386 x86_64 arm64 arm64e";
				WRAPPER_EXTENSION = component;
			};
			name = Debug;
		};
		2DE1BDE930A08B5B4DEE0F55 = {
			isa = XCBuildConfiguration;
			buildSettings = {
				CLANG_CXX_LANGUAGE_STANDARD = "c++14";
				CLANG_CXX_LIBRARY = "libc++";
				CLANG_LINK_OBJC_RUNTIME = NO;
				CODE_SIGN_IDENTITY = "";
				COMBINE_HIDPI_IMAGES = YES;
				CONFIGURATION_BUILD_DIR = "$(PROJECT_DIR)/build/$(CONFIGURATION)";
				DEAD_CODE_STRIPPING = YES;
				DEPLOYMENT_LOCATION = YES;
				DSTROOT = /;
				GCC_GENERATE_DEBUGGING_SYMBOLS = NO;
				GCC_OPTIMIZATION_LEVEL = 3;
				GCC_PREPROCESSOR_DEFINITIONS = (
					"_NDEBUG=1",
					"NDEBUG=1",
					"JUCE_DISPLAY_SPLASH_SCREEN=1",
					"JUCE_USE_DARK_SPLASH_SCREEN=1",
					"JUCE_PROJUCER_VERSION=0x60007",
					"JUCE_MODULE_AVAILABLE_juce_audio_basics=1",
					"JUCE_MODULE_AVAILABLE_juce_audio_devices=1",
					"JUCE_MODULE_AVAILABLE_juce_audio_formats=1",
					"JUCE_MODULE_AVAILABLE_juce_audio_plugin_client=1",
					"JUCE_MODULE_AVAILABLE_juce_audio_processors=1",
					"JUCE_MODULE_AVAILABLE_juce_audio_utils=1",
					"JUCE_MODULE_AVAILABLE_juce_core=1",
					"JUCE_MODULE_AVAILABLE_juce_data_structures=1",
					"JUCE_MODULE_AVAILABLE_juce_events=1",
					"JUCE_MODULE_AVAILABLE_juce_graphics=1",
					"JUCE_MODULE_AVAILABLE_juce_gui_basics=1",
					"JUCE_MODULE_AVAILABLE_juce_gui_extra=1",
					"JUCE_GLOBAL_MODULE_SETTINGS_INCLUDED=1",
					"JUCE_VST3_CAN_REPLACE_VST2=0",
					"JUCE_STRICT_REFCOUNTEDPOINTER=1",
					"JucePlugin_Build_VST=0",
					"JucePlugin_Build_VST3=0",
					"JucePlugin_Build_AU=1",
					"JucePlugin_Build_AUv3=0",
					"JucePlugin_Build_RTAS=0",
					"JucePlugin_Build_AAX=0",
					"JucePlugin_Build_Standalone=0",
					"JucePlugin_Build_Unity=0",
					"JucePlugin_Enable_IAA=0",
					"JucePlugin_Name=\\\"DemoPlugin\\\"",
					"JucePlugin_Desc=\\\"DemoPlugin\\\"",
					"JucePlugin_Manufacturer=\\\"mmmanolo\\\"",
					"JucePlugin_ManufacturerWebsite=\\\"mmmanolo.com\\\"",
					"JucePlugin_ManufacturerEmail=\\\"manolo@mmmanolo.com\\\"",
					"JucePlugin_ManufacturerCode=0x4d616e75",
					"JucePlugin_PluginCode=0x457a6675",
					"JucePlugin_IsSynth=0",
					"JucePlugin_WantsMidiInput=0",
					"JucePlugin_ProducesMidiOutput=0",
					"JucePlugin_IsMidiEffect=0",
					"JucePlugin_EditorRequiresKeyboardFocus=0",
					"JucePlugin_Version=0.1",
					"JucePlugin_VersionCode=0x100",
					"JucePlugin_VersionString=\\\"0.1\\\"",
					"JucePlugin_VSTUniqueID=JucePlugin_PluginCode",
					"JucePlugin_VSTCategory=kPlugCategEffect",
					"JucePlugin_Vst3Category=\\\"Fx\\\"",
					"JucePlugin_AUMainType='aufx'",
					"JucePlugin_AUSubType=JucePlugin_PluginCode",
					"JucePlugin_AUExportPrefix=DemoPluginAU",
					"JucePlugin_AUExportPrefixQuoted=\\\"DemoPluginAU\\\"",
					"JucePlugin_AUManufacturerCode=JucePlugin_ManufacturerCode",
					"JucePlugin_CFBundleIdentifier=com.mmmanolo.DemoPlugin",
					"JucePlugin_RTASCategory=0",
					"JucePlugin_RTASManufacturerCode=JucePlugin_ManufacturerCode",
					"JucePlugin_RTASProductId=JucePlugin_PluginCode",
					"JucePlugin_RTASDisableBypass=0",
					"JucePlugin_RTASDisableMultiMono=0",
					"JucePlugin_AAXIdentifier=com.mmmanolo.DemoPlugin",
					"JucePlugin_AAXManufacturerCode=JucePlugin_ManufacturerCode",
					"JucePlugin_AAXProductId=JucePlugin_PluginCode",
					"JucePlugin_AAXCategory=0",
					"JucePlugin_AAXDisableBypass=0",
					"JucePlugin_AAXDisableMultiMono=0",
					"JucePlugin_IAAType=0x61757278",
					"JucePlugin_IAASubType=JucePlugin_PluginCode",
					"JucePlugin_IAAName=\\\"mmmanolo:\\ DemoPlugin\\\"",
					"JucePlugin_VSTNumMidiInputs=16",
					"JucePlugin_VSTNumMidiOutputs=16",
					"JucePlugin_MaxNumInputChannels=1",
					"JucePlugin_MaxNumOutputChannels=4",
					"JucePlugin_PreferredChannelConfigurations={1,\\ 4}",
					"JUCE_STANDALONE_APPLICATION=JucePlugin_Build_Standalone",
					"JUCER_XCODE_MAC_F6D2F4CF=1",
					"JUCE_APP_VERSION=0.1",
					"JUCE_APP_VERSION_HEX=0x100",
				);
				GCC_VERSION = com.apple.compilers.llvm.clang.1_0;
				GENERATE_PKGINFO_FILE = YES;
				HEADER_SEARCH_PATHS = (
					"$(SRCROOT)/../../../../JUCE/modules/juce_audio_processors/format_types/VST3_SDK",
					"$(SRCROOT)/../../JuceLibraryCode",
					"$(SRCROOT)/../../../../JUCE/modules",
					"$(SRCROOT)/../../../../JUCE/modules/juce_audio_plugin_client",
					"$(inherited)",
				);
				INFOPLIST_FILE = Info-AU.plist;
				INFOPLIST_PREPROCESS = NO;
				INSTALL_PATH = "$(HOME)/Library/Audio/Plug-Ins/Components/";
				LIBRARY_STYLE = Bundle;
				LLVM_LTO = YES;
				MACOSX_DEPLOYMENT_TARGET = 10.11;
				MTL_HEADER_SEARCH_PATHS = (
					"$(SRCROOT)/../../../../JUCE/modules/juce_audio_processors/format_types/VST3_SDK",
					"$(SRCROOT)/../../JuceLibraryCode",
					"$(SRCROOT)/../../../../JUCE/modules",
					"$(SRCROOT)/../../../../JUCE/modules/juce_audio_plugin_client",
				);
				OTHER_LDFLAGS = "-bundle -lDemoPlugin";
				OTHER_REZFLAGS = "-d ppc_$ppc -d i386_$i386 -d ppc64_$ppc64 -d x86_64_$x86_64 -I /System/Library/Frameworks/CoreServices.framework/Frameworks/CarbonCore.framework/Versions/A/Headers -I \"$(DEVELOPER_DIR)/Extras/CoreAudio/AudioUnits/AUPublic/AUBase\" -I \"$(DEVELOPER_DIR)/Platforms/MacOSX.platform/Developer/SDKs/MacOSX.sdk/System/Library/Frameworks/AudioUnit.framework/Headers\"";
				PRODUCT_BUNDLE_IDENTIFIER = com.mmmanolo.DemoPlugin;
				PRODUCT_NAME = "DemoPlugin";
				USE_HEADERMAP = NO;
				VALID_ARCHS = "i386 x86_64 arm64 arm64e";
				WRAPPER_EXTENSION = component;
			};
			name = Release;
		};
		A6AD83891AEA468029A23419 = {
			isa = XCBuildConfiguration;
			buildSettings = {
				CLANG_CXX_LANGUAGE_STANDARD = "c++14";
				CLANG_CXX_LIBRARY = "libc++";
				CLANG_LINK_OBJC_RUNTIME = NO;
				CODE_SIGN_IDENTITY = "";
				COMBINE_HIDPI_IMAGES = YES;
				CONFIGURATION_BUILD_DIR = "$(PROJECT_DIR)/build/$(CONFIGURATION)";
				COPY_PHASE_STRIP = NO;
				GCC_DYNAMIC_NO_PIC = NO;
				GCC_OPTIMIZATION_LEVEL = 0;
				GCC_PREPROCESSOR_DEFINITIONS = (
					"_DEBUG=1",
					"DEBUG=1",
					"JUCE_DISPLAY_SPLASH_SCREEN=1",
					"JUCE_USE_DARK_SPLASH_SCREEN=1",
					"JUCE_PROJUCER_VERSION=0x60007",
					"JUCE_MODULE_AVAILABLE_juce_audio_basics=1",
					"JUCE_MODULE_AVAILABLE_juce_audio_devices=1",
					"JUCE_MODULE_AVAILABLE_juce_audio_formats=1",
					"JUCE_MODULE_AVAILABLE_juce_audio_plugin_client=1",
					"JUCE_MODULE_AVAILABLE_juce_audio_processors=1",
					"JUCE_MODULE_AVAILABLE_juce_audio_utils=1",
					"JUCE_MODULE_AVAILABLE_juce_core=1",
					"JUCE_MODULE_AVAILABLE_juce_data_structures=1",
					"JUCE_MODULE_AVAILABLE_juce_events=1",
					"JUCE_MODULE_AVAILABLE_juce_graphics=1",
					"JUCE_MODULE_AVAILABLE_juce_gui_basics=1",
					"JUCE_MODULE_AVAILABLE_juce_gui_extra=1",
					"JUCE_GLOBAL_MODULE_SETTINGS_INCLUDED=1",
					"JUCE_VST3_CAN_REPLACE_VST2=0",
					"JUCE_STRICT_REFCOUNTEDPOINTER=1",
					"JucePlugin_Build_VST=0",
					"JucePlugin_Build_VST3=0",
					"JucePlugin_Build_AU=0",
					"JucePlugin_Build_AUv3=0",
					"JucePlugin_Build_RTAS=0",
					"JucePlugin_Build_AAX=0",
					"JucePlugin_Build_Standalone=1",
					"JucePlugin_Build_Unity=0",
					"JucePlugin_Enable_IAA=0",
					"JucePlugin_Name=\\\"DemoPlugin\\\"",
					"JucePlugin_Desc=\\\"DemoPlugin\\\"",
					"JucePlugin_Manufacturer=\\\"mmmanolo\\\"",
					"JucePlugin_ManufacturerWebsite=\\\"mmmanolo.com\\\"",
					"JucePlugin_ManufacturerEmail=\\\"manolo@mmmanolo.com\\\"",
					"JucePlugin_ManufacturerCode=0x4d616e75",
					"JucePlugin_PluginCode=0x457a6675",
					"JucePlugin_IsSynth=0",
					"JucePlugin_WantsMidiInput=0",
					"JucePlugin_ProducesMidiOutput=0",
					"JucePlugin_IsMidiEffect=0",
					"JucePlugin_EditorRequiresKeyboardFocus=0",
					"JucePlugin_Version=0.1",
					"JucePlugin_VersionCode=0x100",
					"JucePlugin_VersionString=\\\"0.1\\\"",
					"JucePlugin_VSTUniqueID=JucePlugin_PluginCode",
					"JucePlugin_VSTCategory=kPlugCategEffect",
					"JucePlugin_Vst3Category=\\\"Fx\\\"",
					"JucePlugin_AUMainType='aufx'",
					"JucePlugin_AUSubType=JucePlugin_PluginCode",
					"JucePlugin_AUExportPrefix=DemoPluginAU",
					"JucePlugin_AUExportPrefixQuoted=\\\"DemoPluginAU\\\"",
					"JucePlugin_AUManufacturerCode=JucePlugin_ManufacturerCode",
					"JucePlugin_CFBundleIdentifier=com.mmmanolo.DemoPlugin",
					"JucePlugin_RTASCategory=0",
					"JucePlugin_RTASManufacturerCode=JucePlugin_ManufacturerCode",
					"JucePlugin_RTASProductId=JucePlugin_PluginCode",
					"JucePlugin_RTASDisableBypass=0",
					"JucePlugin_RTASDisableMultiMono=0",
					"JucePlugin_AAXIdentifier=com.mmmanolo.DemoPlugin",
					"JucePlugin_AAXManufacturerCode=JucePlugin_ManufacturerCode",
					"JucePlugin_AAXProductId=JucePlugin_PluginCode",
					"JucePlugin_AAXCategory=0",
					"JucePlugin_AAXDisableBypass=0",
					"JucePlugin_AAXDisableMultiMono=0",
					"JucePlugin_IAAType=0x61757278",
					"JucePlugin_IAASubType=JucePlugin_PluginCode",
					"JucePlugin_IAAName=\\\"mmmanolo:\\ DemoPlugin\\\"",
					"JucePlugin_VSTNumMidiInputs=16",
					"JucePlugin_VSTNumMidiOutputs=16",
					"JucePlugin_MaxNumInputChannels=1",
					"JucePlugin_MaxNumOutputChannels=4",
					"JucePlugin_PreferredChannelConfigurations={1,\\ 4}",
					"JUCE_STANDALONE_APPLICATION=JucePlugin_Build_Standalone",
					"JUCER_XCODE_MAC_F6D2F4CF=1",
					"JUCE_APP_VERSION=0.1",
					"JUCE_APP_VERSION_HEX=0x100",
				);
				GCC_VERSION = com.apple.compilers.llvm.clang.1_0;
				HEADER_SEARCH_PATHS = (
					"$(SRCROOT)/../../../../JUCE/modules/juce_audio_processors/format_types/VST3_SDK",
					"$(SRCROOT)/../../JuceLibraryCode",
					"$(SRCROOT)/../../../../JUCE/modules",
					"$(SRCROOT)/../../../../JUCE/modules/juce_audio_plugin_client",
					"$(inherited)",
				);
				INFOPLIST_FILE = Info-Standalone_Plugin.plist;
				INFOPLIST_PREPROCESS = NO;
				MACOSX_DEPLOYMENT_TARGET = 10.11;
				MTL_HEADER_SEARCH_PATHS = (
					"$(SRCROOT)/../../../../JUCE/modules/juce_audio_processors/format_types/VST3_SDK",
					"$(SRCROOT)/../../JuceLibraryCode",
					"$(SRCROOT)/../../../../JUCE/modules",
					"$(SRCROOT)/../../../../JUCE/modules/juce_audio_plugin_client",
				);
				OTHER_LDFLAGS = "-lDemoPlugin";
				PRODUCT_BUNDLE_IDENTIFIER = com.mmmanolo.DemoPlugin;
				PRODUCT_NAME = "DemoPlugin";
				USE_HEADERMAP = NO;
				VALID_ARCHS = "i386 x86_64 arm64 arm64e";
			};
			name = Debug;
		};
		E7D0CA83D63E450D62A8C84D = {
			isa = XCBuildConfiguration;
			buildSettings = {
				CLANG_CXX_LANGUAGE_STANDARD = "c++14";
				CLANG_CXX_LIBRARY = "libc++";
				CLANG_LINK_OBJC_RUNTIME = NO;
				CODE_SIGN_IDENTITY = "";
				COMBINE_HIDPI_IMAGES = YES;
				CONFIGURATION_BUILD_DIR = "$(PROJECT_DIR)/build/$(CONFIGURATION)";
				DEAD_CODE_STRIPPING = YES;
				GCC_GENERATE_DEBUGGING_SYMBOLS = NO;
				GCC_OPTIMIZATION_LEVEL = 3;
				GCC_PREPROCESSOR_DEFINITIONS = (
					"_NDEBUG=1",
					"NDEBUG=1",
					"JUCE_DISPLAY_SPLASH_SCREEN=1",
					"JUCE_USE_DARK_SPLASH_SCREEN=1",
					"JUCE_PROJUCER_VERSION=0x60007",
					"JUCE_MODULE_AVAILABLE_juce_audio_basics=1",
					"JUCE_MODULE_AVAILABLE_juce_audio_devices=1",
					"JUCE_MODULE_AVAILABLE_juce_audio_formats=1",
					"JUCE_MODULE_AVAILABLE_juce_audio_plugin_client=1",
					"JUCE_MODULE_AVAILABLE_juce_audio_processors=1",
					"JUCE_MODULE_AVAILABLE_juce_audio_utils=1",
					"JUCE_MODULE_AVAILABLE_juce_core=1",
					"JUCE_MODULE_AVAILABLE_juce_data_structures=1",
					"JUCE_MODULE_AVAILABLE_juce_events=1",
					"JUCE_MODULE_AVAILABLE_juce_graphics=1",
					"JUCE_MODULE_AVAILABLE_juce_gui_basics=1",
					"JUCE_MODULE_AVAILABLE_juce_gui_extra=1",
					"JUCE_GLOBAL_MODULE_SETTINGS_INCLUDED=1",
					"JUCE_VST3_CAN_REPLACE_VST2=0",
					"JUCE_STRICT_REFCOUNTEDPOINTER=1",
					"JucePlugin_Build_VST=0",
					"JucePlugin_Build_VST3=0",
					"JucePlugin_Build_AU=0",
					"JucePlugin_Build_AUv3=0",
					"JucePlugin_Build_RTAS=0",
					"JucePlugin_Build_AAX=0",
					"JucePlugin_Build_Standalone=1",
					"JucePlugin_Build_Unity=0",
					"JucePlugin_Enable_IAA=0",
					"JucePlugin_Name=\\\"DemoPlugin\\\"",
					"JucePlugin_Desc=\\\"DemoPlugin\\\"",
					"JucePlugin_Manufacturer=\\\"mmmanolo\\\"",
					"JucePlugin_ManufacturerWebsite=\\\"mmmanolo.com\\\"",
					"JucePlugin_ManufacturerEmail=\\\"manolo@mmmanolo.com\\\"",
					"JucePlugin_ManufacturerCode=0x4d616e75",
					"JucePlugin_PluginCode=0x457a6675",
					"JucePlugin_IsSynth=0",
					"JucePlugin_WantsMidiInput=0",
					"JucePlugin_ProducesMidiOutput=0",
					"JucePlugin_IsMidiEffect=0",
					"JucePlugin_EditorRequiresKeyboardFocus=0",
					"JucePlugin_Version=0.1",
					"JucePlugin_VersionCode=0x100",
					"JucePlugin_VersionString=\\\"0.1\\\"",
					"JucePlugin_VSTUniqueID=JucePlugin_PluginCode",
					"JucePlugin_VSTCategory=kPlugCategEffect",
					"JucePlugin_Vst3Category=\\\"Fx\\\"",
					"JucePlugin_AUMainType='aufx'",
					"JucePlugin_AUSubType=JucePlugin_PluginCode",
					"JucePlugin_AUExportPrefix=DemoPluginAU",
					"JucePlugin_AUExportPrefixQuoted=\\\"DemoPluginAU\\\"",
					"JucePlugin_AUManufacturerCode=JucePlugin_ManufacturerCode",
					"JucePlugin_CFBundleIdentifier=com.mmmanolo.DemoPlugin",
					"JucePlugin_RTASCategory=0",
					"JucePlugin_RTASManufacturerCode=JucePlugin_ManufacturerCode",
					"JucePlugin_RTASProductId=JucePlugin_PluginCode",
					"JucePlugin_RTASDisableBypass=0",
					"JucePlugin_RTASDisableMultiMono=0",
					"JucePlugin_AAXIdentifier=com.mmmanolo.DemoPlugin",
					"JucePlugin_AAXManufacturerCode=JucePlugin_ManufacturerCode",
					"JucePlugin_AAXProductId=JucePlugin_PluginCode",
					"JucePlugin_AAXCategory=0",
					"JucePlugin_AAXDisableBypass=0",
					"JucePlugin_AAXDisableMultiMono=0",
					"JucePlugin_IAAType=0x61757278",
					"JucePlugin_IAASubType=JucePlugin_PluginCode",
					"JucePlugin_IAAName=\\\"mmmanolo:\\ DemoPlugin\\\"",
					"JucePlugin_VSTNumMidiInputs=16",
					"JucePlugin_VSTNumMidiOutputs=16",
					"JucePlugin_MaxNumInputChannels=1",
					"JucePlugin_MaxNumOutputChannels=4",
					"JucePlugin_PreferredChannelConfigurations={1,\\ 4}",
					"JUCE_STANDALONE_APPLICATION=JucePlugin_Build_Standalone",
					"JUCER_XCODE_MAC_F6D2F4CF=1",
					"JUCE_APP_VERSION=0.1",
					"JUCE_APP_VERSION_HEX=0x100",
				);
				GCC_VERSION = com.apple.compilers.llvm.clang.1_0;
				HEADER_SEARCH_PATHS = (
					"$(SRCROOT)/../../../../JUCE/modules/juce_audio_processors/format_types/VST3_SDK",
					"$(SRCROOT)/../../JuceLibraryCode",
					"$(SRCROOT)/../../../../JUCE/modules",
					"$(SRCROOT)/../../../../JUCE/modules/juce_audio_plugin_client",
					"$(inherited)",
				);
				INFOPLIST_FILE = Info-Standalone_Plugin.plist;
				INFOPLIST_PREPROCESS = NO;
				LLVM_LTO = YES;
				MACOSX_DEPLOYMENT_TARGET = 10.11;
				MTL_HEADER_SEARCH_PATHS = (
					"$(SRCROOT)/../../../../JUCE/modules/juce_audio_processors/format_types/VST3_SDK",
					"$(SRCROOT)/../../JuceLibraryCode",
					"$(SRCROOT)/../../../../JUCE/modules",
					"$(SRCROOT)/../../../../JUCE/modules/juce_audio_plugin_client",
				);
				OTHER_LDFLAGS = "-lDemoPlugin";
				PRODUCT_BUNDLE_IDENTIFIER = com.mmmanolo.DemoPlugin;
				PRODUCT_NAME = "DemoPlugin";
				USE_HEADERMAP = NO;
				VALID_ARCHS = "i386 x86_64 arm64 arm64e";
			};
			name = Release;
		};
		EE4D529C646BA3969C14E084 = {
			isa = XCBuildConfiguration;
			buildSettings = {
				CLANG_CXX_LANGUAGE_STANDARD = "c++14";
				CLANG_CXX_LIBRARY = "libc++";
				CLANG_LINK_OBJC_RUNTIME = NO;
				CODE_SIGN_IDENTITY = "";
				COMBINE_HIDPI_IMAGES = YES;
				CONFIGURATION_BUILD_DIR = "$(PROJECT_DIR)/build/$(CONFIGURATION)";
				COPY_PHASE_STRIP = NO;
				GCC_DYNAMIC_NO_PIC = NO;
				GCC_OPTIMIZATION_LEVEL = 0;
				GCC_PREPROCESSOR_DEFINITIONS = (
					"_DEBUG=1",
					"DEBUG=1",
					"JUCE_DISPLAY_SPLASH_SCREEN=1",
					"JUCE_USE_DARK_SPLASH_SCREEN=1",
					"JUCE_PROJUCER_VERSION=0x60007",
					"JUCE_MODULE_AVAILABLE_juce_audio_basics=1",
					"JUCE_MODULE_AVAILABLE_juce_audio_devices=1",
					"JUCE_MODULE_AVAILABLE_juce_audio_formats=1",
					"JUCE_MODULE_AVAILABLE_juce_audio_plugin_client=1",
					"JUCE_MODULE_AVAILABLE_juce_audio_processors=1",
					"JUCE_MODULE_AVAILABLE_juce_audio_utils=1",
					"JUCE_MODULE_AVAILABLE_juce_core=1",
					"JUCE_MODULE_AVAILABLE_juce_data_structures=1",
					"JUCE_MODULE_AVAILABLE_juce_events=1",
					"JUCE_MODULE_AVAILABLE_juce_graphics=1",
					"JUCE_MODULE_AVAILABLE_juce_gui_basics=1",
					"JUCE_MODULE_AVAILABLE_juce_gui_extra=1",
					"JUCE_GLOBAL_MODULE_SETTINGS_INCLUDED=1",
					"JUCE_VST3_CAN_REPLACE_VST2=0",
					"JUCE_STRICT_REFCOUNTEDPOINTER=1",
					"JucePlugin_Build_VST=0",
					"JucePlugin_Build_VST3=1",
					"JucePlugin_Build_AU=1",
					"JucePlugin_Build_AUv3=0",
					"JucePlugin_Build_RTAS=0",
					"JucePlugin_Build_AAX=0",
					"JucePlugin_Build_Standalone=1",
					"JucePlugin_Build_Unity=0",
					"JucePlugin_Enable_IAA=0",
					"JucePlugin_Name=\\\"DemoPlugin\\\"",
					"JucePlugin_Desc=\\\"DemoPlugin\\\"",
					"JucePlugin_Manufacturer=\\\"mmmanolo\\\"",
					"JucePlugin_ManufacturerWebsite=\\\"mmmanolo.com\\\"",
					"JucePlugin_ManufacturerEmail=\\\"manolo@mmmanolo.com\\\"",
					"JucePlugin_ManufacturerCode=0x4d616e75",
					"JucePlugin_PluginCode=0x457a6675",
					"JucePlugin_IsSynth=0",
					"JucePlugin_WantsMidiInput=0",
					"JucePlugin_ProducesMidiOutput=0",
					"JucePlugin_IsMidiEffect=0",
					"JucePlugin_EditorRequiresKeyboardFocus=0",
					"JucePlugin_Version=0.1",
					"JucePlugin_VersionCode=0x100",
					"JucePlugin_VersionString=\\\"0.1\\\"",
					"JucePlugin_VSTUniqueID=JucePlugin_PluginCode",
					"JucePlugin_VSTCategory=kPlugCategEffect",
					"JucePlugin_Vst3Category=\\\"Fx\\\"",
					"JucePlugin_AUMainType='aufx'",
					"JucePlugin_AUSubType=JucePlugin_PluginCode",
					"JucePlugin_AUExportPrefix=DemoPluginAU",
					"JucePlugin_AUExportPrefixQuoted=\\\"DemoPluginAU\\\"",
					"JucePlugin_AUManufacturerCode=JucePlugin_ManufacturerCode",
					"JucePlugin_CFBundleIdentifier=com.mmmanolo.DemoPlugin",
					"JucePlugin_RTASCategory=0",
					"JucePlugin_RTASManufacturerCode=JucePlugin_ManufacturerCode",
					"JucePlugin_RTASProductId=JucePlugin_PluginCode",
					"JucePlugin_RTASDisableBypass=0",
					"JucePlugin_RTASDisableMultiMono=0",
					"JucePlugin_AAXIdentifier=com.mmmanolo.DemoPlugin",
					"JucePlugin_AAXManufacturerCode=JucePlugin_ManufacturerCode",
					"JucePlugin_AAXProductId=JucePlugin_PluginCode",
					"JucePlugin_AAXCategory=0",
					"JucePlugin_AAXDisableBypass=0",
					"JucePlugin_AAXDisableMultiMono=0",
					"JucePlugin_IAAType=0x61757278",
					"JucePlugin_IAASubType=JucePlugin_PluginCode",
					"JucePlugin_IAAName=\\\"mmmanolo:\\ DemoPlugin\\\"",
					"JucePlugin_VSTNumMidiInputs=16",
					"JucePlugin_VSTNumMidiOutputs=16",
					"JucePlugin_MaxNumInputChannels=1",
					"JucePlugin_MaxNumOutputChannels=4",
					"JucePlugin_PreferredChannelConfigurations={1,\\ 4}",
					"JUCE_STANDALONE_APPLICATION=JucePlugin_Build_Standalone",
					"JUCER_XCODE_MAC_F6D2F4CF=1",
					"JUCE_APP_VERSION=0.1",
					"JUCE_APP_VERSION_HEX=0x100",
					"JUCE_SHARED_CODE=1",
				);
				GCC_VERSION = com.apple.compilers.llvm.clang.1_0;
				HEADER_SEARCH_PATHS = (
					"$(SRCROOT)/../../../../JUCE/modules/juce_audio_processors/format_types/VST3_SDK",
					"$(SRCROOT)/../../JuceLibraryCode",
					"$(SRCROOT)/../../../../JUCE/modules",
					"$(SRCROOT)/../../../../JUCE/modules/juce_audio_plugin_client",
					"$(inherited)",
				);
				INSTALL_PATH = "@executable_path/../Frameworks";
				MACOSX_DEPLOYMENT_TARGET = 10.11;
				MTL_HEADER_SEARCH_PATHS = (
					"$(SRCROOT)/../../../../JUCE/modules/juce_audio_processors/format_types/VST3_SDK",
					"$(SRCROOT)/../../JuceLibraryCode",
					"$(SRCROOT)/../../../../JUCE/modules",
					"$(SRCROOT)/../../../../JUCE/modules/juce_audio_plugin_client",
				);
				PRODUCT_BUNDLE_IDENTIFIER = com.mmmanolo.DemoPlugin;
				PRODUCT_NAME = "DemoPlugin";
				SKIP_INSTALL = YES;
				USE_HEADERMAP = NO;
				VALID_ARCHS = "i386 x86_64 arm64 arm64e";
			};
			name = Debug;
		};
		AAB7FF2246C4C7D18F5246B3 = {
			isa = XCBuildConfiguration;
			buildSettings = {
				CLANG_CXX_LANGUAGE_STANDARD = "c++14";
				CLANG_CXX_LIBRARY = "libc++";
				CLANG_LINK_OBJC_RUNTIME = NO;
				CODE_SIGN_IDENTITY = "";
				COMBINE_HIDPI_IMAGES = YES;
				CONFIGURATION_BUILD_DIR = "$(PROJECT_DIR)/build/$(CONFIGURATION)";
				DEAD_CODE_STRIPPING = YES;
				GCC_GENERATE_DEBUGGING_SYMBOLS = NO;
				GCC_OPTIMIZATION_LEVEL = 3;
				GCC_PREPROCESSOR_DEFINITIONS = (
					"_NDEBUG=1",
					"NDEBUG=1",
					"JUCE_DISPLAY_SPLASH_SCREEN=1",
					"JUCE_USE_DARK_SPLASH_SCREEN=1",
					"JUCE_PROJUCER_VERSION=0x60007",
					"JUCE_MODULE_AVAILABLE_juce_audio_basics=1",
					"JUCE_MODULE_AVAILABLE_juce_audio_devices=1",
					"JUCE_MODULE_AVAILABLE_juce_audio_formats=1",
					"JUCE_MODULE_AVAILABLE_juce_audio_plugin_client=1",
					"JUCE_MODULE_AVAILABLE_juce_audio_processors=1",
					"JUCE_MODULE_AVAILABLE_juce_audio_utils=1",
					"JUCE_MODULE_AVAILABLE_juce_core=1",
					"JUCE_MODULE_AVAILABLE_juce_data_structures=1",
					"JUCE_MODULE_AVAILABLE_juce_events=1",
					"JUCE_MODULE_AVAILABLE_juce_graphics=1",
					"JUCE_MODULE_AVAILABLE_juce_gui_basics=1",
					"JUCE_MODULE_AVAILABLE_juce_gui_extra=1",
					"JUCE_GLOBAL_MODULE_SETTINGS_INCLUDED=1",
					"JUCE_VST3_CAN_REPLACE_VST2=0",
					"JUCE_STRICT_REFCOUNTEDPOINTER=1",
					"JucePlugin_Build_VST=0",
					"JucePlugin_Build_VST3=1",
					"JucePlugin_Build_AU=1",
					"JucePlugin_Build_AUv3=0",
					"JucePlugin_Build_RTAS=0",
					"JucePlugin_Build_AAX=0",
					"JucePlugin_Build_Standalone=1",
					"JucePlugin_Build_Unity=0",
					"JucePlugin_Enable_IAA=0",
					"JucePlugin_Name=\\\"DemoPlugin\\\"",
					"JucePlugin_Desc=\\\"DemoPlugin\\\"",
					"JucePlugin_Manufacturer=\\\"mmmanolo\\\"",
					"JucePlugin_ManufacturerWebsite=\\\"mmmanolo.com\\\"",
					"JucePlugin_ManufacturerEmail=\\\"manolo@mmmanolo.com\\\"",
					"JucePlugin_ManufacturerCode=0x4d616e75",
					"JucePlugin_PluginCode=0x457a6675",
					"JucePlugin_IsSynth=0",
					"JucePlugin_WantsMidiInput=0",
					"JucePlugin_ProducesMidiOutput=0",
					"JucePlugin_IsMidiEffect=0",
					"JucePlugin_EditorRequiresKeyboardFocus=0",
					"JucePlugin_Version=0.1",
					"JucePlugin_VersionCode=0x100",
					"JucePlugin_VersionString=\\\"0.1\\\"",
					"JucePlugin_VSTUniqueID=JucePlugin_PluginCode",
					"JucePlugin_VSTCategory=kPlugCategEffect",
					"JucePlugin_Vst3Category=\\\"Fx\\\"",
					"JucePlugin_AUMainType='aufx'",
					"JucePlugin_AUSubType=JucePlugin_PluginCode",
					"JucePlugin_AUExportPrefix=DemoPluginAU",
					"JucePlugin_AUExportPrefixQuoted=\\\"DemoPluginAU\\\"",
					"JucePlugin_AUManufacturerCode=JucePlugin_ManufacturerCode",
					"JucePlugin_CFBundleIdentifier=com.mmmanolo.DemoPlugin",
					"JucePlugin_RTASCategory=0",
					"JucePlugin_RTASManufacturerCode=JucePlugin_ManufacturerCode",
					"JucePlugin_RTASProductId=JucePlugin_PluginCode",
					"JucePlugin_RTASDisableBypass=0",
					"JucePlugin_RTASDisableMultiMono=0",
					"JucePlugin_AAXIdentifier=com.mmmanolo.DemoPlugin",
					"JucePlugin_AAXManufacturerCode=JucePlugin_ManufacturerCode",
					"JucePlugin_AAXProductId=JucePlugin_PluginCode",
					"JucePlugin_AAXCategory=0",
					"JucePlugin_AAXDisableBypass=0",
					"JucePlugin_AAXDisableMultiMono=0",
					"JucePlugin_IAAType=0x61757278",
					"JucePlugin_IAASubType=JucePlugin_PluginCode",
					"JucePlugin_IAAName=\\\"mmmanolo:\\ DemoPlugin\\\"",
					"JucePlugin_VSTNumMidiInputs=16",
					"JucePlugin_VSTNumMidiOutputs=16",
					"JucePlugin_MaxNumInputChannels=1",
					"JucePlugin_MaxNumOutputChannels=4",
					"JucePlugin_PreferredChannelConfigurations={1,\\ 4}",
					"JUCE_STANDALONE_APPLICATION=JucePlugin_Build_Standalone",
					"JUCER_XCODE_MAC_F6D2F4CF=1",
					"JUCE_APP_VERSION=0.1",
					"JUCE_APP_VERSION_HEX=0x100",
					"JUCE_SHARED_CODE=1",
				);
				GCC_VERSION = com.apple.compilers.llvm.clang.1_0;
				HEADER_SEARCH_PATHS = (
					"$(SRCROOT)/../../../../JUCE/modules/juce_audio_processors/format_types/VST3_SDK",
					"$(SRCROOT)/../../JuceLibraryCode",
					"$(SRCROOT)/../../../../JUCE/modules",
					"$(SRCROOT)/../../../../JUCE/modules/juce_audio_plugin_client",
					"$(inherited)",
				);
				INSTALL_PATH = "@executable_path/../Frameworks";
				LLVM_LTO = YES;
				MACOSX_DEPLOYMENT_TARGET = 10.11;
				MTL_HEADER_SEARCH_PATHS = (
					"$(SRCROOT)/../../../../JUCE/modules/juce_audio_processors/format_types/VST3_SDK",
					"$(SRCROOT)/../../JuceLibraryCode",
					"$(SRCROOT)/../../../../JUCE/modules",
					"$(SRCROOT)/../../../../JUCE/modules/juce_audio_plugin_client",
				);
				PRODUCT_BUNDLE_IDENTIFIER = com.mmmanolo.DemoPlugin;
				PRODUCT_NAME = "DemoPlugin";
				SKIP_INSTALL = YES;
				USE_HEADERMAP = NO;
				VALID_ARCHS = "i386 x86_64 arm64 arm64e";
			};
			name = Release;
		};
		260956DA581C3F1437455AEC = {
			isa = XCBuildConfiguration;
			buildSettings = {
				ALWAYS_SEARCH_USER_PATHS = NO;
				CLANG_ENABLE_OBJC_WEAK = YES;
				CLANG_WARN_BLOCK_CAPTURE_AUTORELEASING = YES;
				CLANG_WARN_BOOL_CONVERSION = YES;
				CLANG_WARN_COMMA = YES;
				CLANG_WARN_CONSTANT_CONVERSION = YES;
				CLANG_WARN_DEPRECATED_OBJC_IMPLEMENTATIONS = YES;
				CLANG_WARN_EMPTY_BODY = YES;
				CLANG_WARN_ENUM_CONVERSION = YES;
				CLANG_WARN_INFINITE_RECURSION = YES;
				CLANG_WARN_INT_CONVERSION = YES;
				CLANG_WARN_NON_LITERAL_NULL_CONVERSION = YES;
				CLANG_WARN_OBJC_IMPLICIT_RETAIN_SELF = YES;
				CLANG_WARN_OBJC_LITERAL_CONVERSION = YES;
				CLANG_WARN_RANGE_LOOP_ANALYSIS = YES;
				CLANG_WARN_STRICT_PROTOTYPES = YES;
				CLANG_WARN_SUSPICIOUS_MOVE = YES;
				CLANG_WARN_UNREACHABLE_CODE = YES;
				CLANG_WARN__DUPLICATE_METHOD_MATCH = YES;
				CODE_SIGN_IDENTITY = "";
				DEBUG_INFORMATION_FORMAT = dwarf;
				ENABLE_STRICT_OBJC_MSGSEND = YES;
				ENABLE_TESTABILITY = NO;
				GCC_C_LANGUAGE_STANDARD = c11;
				GCC_INLINES_ARE_PRIVATE_EXTERN = YES;
				GCC_MODEL_TUNING = G5;
				GCC_NO_COMMON_BLOCKS = YES;
				GCC_SYMBOLS_PRIVATE_EXTERN = YES;
				GCC_WARN_64_TO_32_BIT_CONVERSION = YES;
				GCC_WARN_ABOUT_RETURN_TYPE = YES;
				GCC_WARN_CHECK_SWITCH_STATEMENTS = YES;
				GCC_WARN_MISSING_PARENTHESES = YES;
				GCC_WARN_NON_VIRTUAL_DESTRUCTOR = YES;
				GCC_WARN_TYPECHECK_CALLS_TO_PRINTF = YES;
				GCC_WARN_UNDECLARED_SELECTOR = YES;
				GCC_WARN_UNINITIALIZED_AUTOS = YES;
				GCC_WARN_UNUSED_FUNCTION = YES;
				GCC_WARN_UNUSED_VARIABLE = YES;
				ONLY_ACTIVE_ARCH = YES;
				PRODUCT_NAME = "DemoPlugin";
				SDKROOT = macosx;
				WARNING_CFLAGS = "-Wreorder";
				ZERO_LINK = NO;
			};
			name = Debug;
		};
		023B89EA272588685469B1C8 = {
			isa = XCBuildConfiguration;
			buildSettings = {
				ALWAYS_SEARCH_USER_PATHS = NO;
				CLANG_ENABLE_OBJC_WEAK = YES;
				CLANG_WARN_BLOCK_CAPTURE_AUTORELEASING = YES;
				CLANG_WARN_BOOL_CONVERSION = YES;
				CLANG_WARN_COMMA = YES;
				CLANG_WARN_CONSTANT_CONVERSION = YES;
				CLANG_WARN_DEPRECATED_OBJC_IMPLEMENTATIONS = YES;
				CLANG_WARN_EMPTY_BODY = YES;
				CLANG_WARN_ENUM_CONVERSION = YES;
				CLANG_WARN_INFINITE_RECURSION = YES;
				CLANG_WARN_INT_CONVERSION = YES;
				CLANG_WARN_NON_LITERAL_NULL_CONVERSION = YES;
				CLANG_WARN_OBJC_IMPLICIT_RETAIN_SELF = YES;
				CLANG_WARN_OBJC_LITERAL_CONVERSION = YES;
				CLANG_WARN_RANGE_LOOP_ANALYSIS = YES;
				CLANG_WARN_STRICT_PROTOTYPES = YES;
				CLANG_WARN_SUSPICIOUS_MOVE = YES;
				CLANG_WARN_UNREACHABLE_CODE = YES;
				CLANG_WARN__DUPLICATE_METHOD_MATCH = YES;
				CODE_SIGN_IDENTITY = "";
				DEBUG_INFORMATION_FORMAT = dwarf;
				ENABLE_STRICT_OBJC_MSGSEND = YES;
				ENABLE_TESTABILITY = NO;
				GCC_C_LANGUAGE_STANDARD = c11;
				GCC_INLINES_ARE_PRIVATE_EXTERN = YES;
				GCC_MODEL_TUNING = G5;
				GCC_NO_COMMON_BLOCKS = YES;
				GCC_SYMBOLS_PRIVATE_EXTERN = YES;
				GCC_WARN_64_TO_32_BIT_CONVERSION = YES;
				GCC_WARN_ABOUT_RETURN_TYPE = YES;
				GCC_WARN_CHECK_SWITCH_STATEMENTS = YES;
				GCC_WARN_MISSING_PARENTHESES = YES;
				GCC_WARN_NON_VIRTUAL_DESTRUCTOR = YES;
				GCC_WARN_TYPECHECK_CALLS_TO_PRINTF = YES;
				GCC_WARN_UNDECLARED_SELECTOR = YES;
				GCC_WARN_UNINITIALIZED_AUTOS = YES;
				GCC_WARN_UNUSED_FUNCTION = YES;
				GCC_WARN_UNUSED_VARIABLE = YES;
				PRODUCT_NAME = "DemoPlugin";
				SDKROOT = macosx;
				WARNING_CFLAGS = "-Wreorder";
				ZERO_LINK = NO;
			};
			name = Release;
		};
		206940605FABDEDDB08EF865 = {
			isa = XCConfigurationList;
			buildConfigurations = (
				260956DA581C3F1437455AEC,
				023B89EA272588685469B1C8,
			);
			defaultConfigurationIsVisible = 0;
			defaultConfigurationName = Debug;
		};
		46A512027EB295078A1B0950 = {
			isa = XCConfigurationList;
			buildConfigurations = (
				661B040AD79A150DF65C0456,
				938CEF9C29F15DF4F54A25B0,
			);
			defaultConfigurationIsVisible = 0;
			defaultConfigurationName = Debug;
		};
		7344B5DAB18A9CFF79A4C8E3 = {
			isa = PBXAggregateTarget;
			buildConfigurationList = 46A512027EB295078A1B0950;
			buildPhases = ( );
			buildRules = ( );
			dependencies = (
				623E851265AECADE52996068,
				AB2992C30591E80DC4A10F98,
				7B1049686C2422E75ED7A17C,
				26C58E9C21A345A6053615DA,
			);
			name = "DemoPlugin - All";
			productName = DemoPlugin;
		};
		B8BF655D685038597B9A4816 = {
			isa = XCConfigurationList;
			buildConfigurations = (
				F3BE3ABB578E07E6F350671C,
				68E0F868ED6DD6AD4F353C20,
			);
			defaultConfigurationIsVisible = 0;
			defaultConfigurationName = Debug;
		};
		BAC3BEF8DFFA2F195DD993F2 = {
			isa = PBXResourcesBuildPhase;
			buildActionMask = 2147483647;
			files = (
				8825BDC20221676F15BA2990,
			);
			runOnlyForDeploymentPostprocessing = 0;
		};
		3BE52396873748B27BE67E47 = {
			isa = PBXSourcesBuildPhase;
			buildActionMask = 2147483647;
			files = (
				0D911BF2B61A76ABA9BD805A,
			);
			runOnlyForDeploymentPostprocessing = 0;
		};
		422E5EDC9C458FBB02830502 = {
			isa = PBXFrameworksBuildPhase;
			buildActionMask = 2147483647;
			files = (
				3F638AAE9014FE3B6ACA4305,
				2C3D0006D09CFA4CA8529737,
				70D667A1BD3BCADC2698FB3F,
				8E597B113E0AFD02B10DFDA9,
				BFDDDE53541A4945BBCD4B64,
				6B4CB8AD610ABEA42BDEEB12,
				56B656037BD87AD59373053B,
				9F2FDF01A5775BF1CDC5E082,
				0BB79F6ECC846108ABB301E8,
				66620457E79A05AC88249440,
				B231EB44D3A97C3DDE8EE4F0,
				AF2CDB6BD0E1766142797648,
			);
			runOnlyForDeploymentPostprocessing = 0;
		};
		F63D44E74A268CB1AE4DF650 = {
			isa = PBXNativeTarget;
			buildConfigurationList = B8BF655D685038597B9A4816;
			buildPhases = (
				BAC3BEF8DFFA2F195DD993F2,
				3BE52396873748B27BE67E47,
				422E5EDC9C458FBB02830502,
			);
			buildRules = ( );
			dependencies = (
				7C5B792852C34539C4AC50EC,
			);
			name = "DemoPlugin - VST3";
			productName = DemoPlugin;
			productReference = E866BDD41DDA37A51337D535;
			productType = "com.apple.product-type.bundle";
		};
		F1C58461E249C8A5E4676628 = {
			isa = XCConfigurationList;
			buildConfigurations = (
				B723E9A389F59210F664467A,
				2DE1BDE930A08B5B4DEE0F55,
			);
			defaultConfigurationIsVisible = 0;
			defaultConfigurationName = Debug;
		};
		BFC5549553A1A1B16CFA5DE7 = {
			isa = PBXResourcesBuildPhase;
			buildActionMask = 2147483647;
			files = (
				8825BDC20221676F15BA2990,
			);
			runOnlyForDeploymentPostprocessing = 0;
		};
		A47325570F21E1E876035D19 = {
			isa = PBXRezBuildPhase;
			buildActionMask = 2147483647;
			files = (
				DBC1F39806ECFF67DB9FE9EE,
			);
			runOnlyForDeploymentPostprocessing = 0;
		};
		D1D1A42D72136D3EC70C655F = {
			isa = PBXSourcesBuildPhase;
			buildActionMask = 2147483647;
			files = (
				63753B9C920B3CBF65338E11,
				BD42A5FFD88595A055FEC2DE,
			);
			runOnlyForDeploymentPostprocessing = 0;
		};
		B24F336FD6A549266554B75E = {
			isa = PBXFrameworksBuildPhase;
			buildActionMask = 2147483647;
			files = (
				6BD53F8478A706BB90E9483A,
				3F638AAE9014FE3B6ACA4305,
				2C3D0006D09CFA4CA8529737,
				70D667A1BD3BCADC2698FB3F,
				8E597B113E0AFD02B10DFDA9,
				BFDDDE53541A4945BBCD4B64,
				6B4CB8AD610ABEA42BDEEB12,
				56B656037BD87AD59373053B,
				9F2FDF01A5775BF1CDC5E082,
				0BB79F6ECC846108ABB301E8,
				66620457E79A05AC88249440,
				B231EB44D3A97C3DDE8EE4F0,
				AF2CDB6BD0E1766142797648,
			);
			runOnlyForDeploymentPostprocessing = 0;
		};
		97F2B373D187EC2E9E0F9C80 = {
			isa = PBXNativeTarget;
			buildConfigurationList = F1C58461E249C8A5E4676628;
			buildPhases = (
				BFC5549553A1A1B16CFA5DE7,
				A47325570F21E1E876035D19,
				D1D1A42D72136D3EC70C655F,
				B24F336FD6A549266554B75E,
			);
			buildRules = ( );
			dependencies = (
				FF0F2A94A6595A87BB31F14C,
			);
			name = "DemoPlugin - AU";
			productName = DemoPlugin;
			productReference = B92C66ABA34A586026230608;
			productType = "com.apple.product-type.bundle";
		};
		E3B5B68E9D5C08EDC1603695 = {
			isa = XCConfigurationList;
			buildConfigurations = (
				A6AD83891AEA468029A23419,
				E7D0CA83D63E450D62A8C84D,
			);
			defaultConfigurationIsVisible = 0;
			defaultConfigurationName = Debug;
		};
		9E727C043C8428ACF89F5FBA = {
			isa = PBXResourcesBuildPhase;
			buildActionMask = 2147483647;
			files = (
				8825BDC20221676F15BA2990,
			);
			runOnlyForDeploymentPostprocessing = 0;
		};
		F9B6663BD4ED912385F95ABE = {
			isa = PBXSourcesBuildPhase;
			buildActionMask = 2147483647;
			files = (
				55650E6D07B7EAFCDDD0DEFF,
			);
			runOnlyForDeploymentPostprocessing = 0;
		};
		2FB74159CEA4F8183FE172E6 = {
			isa = PBXFrameworksBuildPhase;
			buildActionMask = 2147483647;
			files = (
				3F638AAE9014FE3B6ACA4305,
				2C3D0006D09CFA4CA8529737,
				70D667A1BD3BCADC2698FB3F,
				8E597B113E0AFD02B10DFDA9,
				BFDDDE53541A4945BBCD4B64,
				6B4CB8AD610ABEA42BDEEB12,
				56B656037BD87AD59373053B,
				9F2FDF01A5775BF1CDC5E082,
				0BB79F6ECC846108ABB301E8,
				66620457E79A05AC88249440,
				B231EB44D3A97C3DDE8EE4F0,
				AF2CDB6BD0E1766142797648,
			);
			runOnlyForDeploymentPostprocessing = 0;
		};
		9AD50909E4E7675153D646B1 = {
			isa = PBXNativeTarget;
			buildConfigurationList = E3B5B68E9D5C08EDC1603695;
			buildPhases = (
				9E727C043C8428ACF89F5FBA,
				F9B6663BD4ED912385F95ABE,
				2FB74159CEA4F8183FE172E6,
			);
			buildRules = ( );
			dependencies = (
				673275876AD6A33311C08DF6,
			);
			name = "DemoPlugin - Standalone Plugin";
			productName = DemoPlugin;
			productReference = D24BE97D2BD1617151B6BED6;
			productType = "com.apple.product-type.application";
		};
		B7D91042E55DB171BF3115BC = {
			isa = XCConfigurationList;
			buildConfigurations = (
				EE4D529C646BA3969C14E084,
				AAB7FF2246C4C7D18F5246B3,
			);
			defaultConfigurationIsVisible = 0;
			defaultConfigurationName = Debug;
		};
		BD3B0809B71E5B0A39CF247E = {
			isa = PBXSourcesBuildPhase;
			buildActionMask = 2147483647;
			files = (
				643B8CB8A90CEDC7AD6063F3,
				226FEB5F02BBC9BF87E5E7DF,
				6CFC3F2D665915EA6FFB9F5B,
				BE79919D7C381A5949DA2E41,
				7098D6BBEA4E0A253BFBCF42,
				2ED4606D1554EB506052ED41,
				318CFD169F417049F50A1461,
				61570C9A1B8AE0FA0C83525A,
				5DF0CA53F1BA3D4FA0EF8D74,
				EBFCDE1200B96F98B08A9B0A,
				11C3C38B394A6F82C6A8D3DC,
				C3501CC7EFD74EA48C5ABE03,
				1E0E4C11615AC4A67E335287,
				DB6FF1CBDC59A902F521EEFB,
				394CB28FC7DBD7648C95EA07,
				5A9EBBCFF7F5368B35F6F73F,
			);
			runOnlyForDeploymentPostprocessing = 0;
		};
		BA8F0ADE119837E5CC5D6979 = {
			isa = PBXNativeTarget;
			buildConfigurationList = B7D91042E55DB171BF3115BC;
			buildPhases = (
				BD3B0809B71E5B0A39CF247E,
			);
			buildRules = ( );
			dependencies = ( );
			name = "DemoPlugin - Shared Code";
			productName = DemoPlugin;
			productReference = 405C02944327A730E101F3BB;
			productType = "com.apple.product-type.library.static";
		};
		833ECC3ED798C55DDDB7F551 = {
			isa = PBXProject;
			buildConfigurationList = 206940605FABDEDDB08EF865;
			attributes = { LastUpgradeCheck = 1230; ORGANIZATIONNAME = "mmmanolo"; TargetAttributes = { 7344B5DAB18A9CFF79A4C8E3 = { SystemCapabilities = {com.apple.ApplicationGroups.iOS = { enabled = 0; }; com.apple.InAppPurchase = { enabled = 0; }; com.apple.InterAppAudio = { enabled = 0; }; com.apple.Push = { enabled = 0; }; com.apple.Sandbox = { enabled = 0; }; com.apple.HardenedRuntime = { enabled = 0; }; }; };F63D44E74A268CB1AE4DF650 = { SystemCapabilities = {com.apple.ApplicationGroups.iOS = { enabled = 0; }; com.apple.InAppPurchase = { enabled = 0; }; com.apple.InterAppAudio = { enabled = 0; }; com.apple.Push = { enabled = 0; }; com.apple.Sandbox = { enabled = 0; }; com.apple.HardenedRuntime = { enabled = 0; }; }; };97F2B373D187EC2E9E0F9C80 = { SystemCapabilities = {com.apple.ApplicationGroups.iOS = { enabled = 0; }; com.apple.InAppPurchase = { enabled = 0; }; com.apple.InterAppAudio = { enabled = 0; }; com.apple.Push = { enabled = 0; }; com.apple.Sandbox = { enabled = 0; }; com.apple.HardenedRuntime = { enabled = 0; }; }; };9AD50909E4E7675153D646B1 = { SystemCapabilities = {com.apple.ApplicationGroups.iOS = { enabled = 0; }; com.apple.InAppPurchase = { enabled = 0; }; com.apple.InterAppAudio = { enabled = 0; }; com.apple.Push = { enabled = 0; }; com.apple.Sandbox = { enabled = 0; }; com.apple.HardenedRuntime = { enabled = 0; }; }; };BA8F0ADE119837E5CC5D6979 = { SystemCapabilities = {com.apple.ApplicationGroups.iOS = { enabled = 0; }; com.apple.InAppPurchase = { enabled = 0; }; com.apple.InterAppAudio = { enabled = 0; }; com.apple.Push = { enabled = 0; }; com.apple.Sandbox = { enabled = 0; }; com.apple.HardenedRuntime = { enabled = 0; }; }; }; }; };
			compatibilityVersion = "Xcode 3.2";
			hasScannedForEncodings = 0;
			mainGroup = 3E63DBE6E23E56309A82E532;
			projectDirPath = "";
			projectRoot = "";
			targets = (7344B5DAB18A9CFF79A4C8E3, F63D44E74A268CB1AE4DF650, 97F2B373D187EC2E9E0F9C80, 9AD50909E4E7675153D646B1, BA8F0ADE119837E5CC5D6979);
			knownRegions = (en, Base);
		};
	};
	rootObject = 833ECC3ED798C55DDDB7F551;
}
